// !$*UTF8*$!
{
	archiveVersion = 1;
	classes = {
	};
	objectVersion = 56;
	objects = {

/* Begin PBXBuildFile section */
		1761131D62D7AB43F88939AB /* Pods_LearnWords.framework in Frameworks */ = {isa = PBXBuildFile; fileRef = FD94A19289068F6A6A3AB6AE /* Pods_LearnWords.framework */; };
		8F85B680299AC16C0097657D /* AppDelegate.swift in Sources */ = {isa = PBXBuildFile; fileRef = 8F85B67F299AC16C0097657D /* AppDelegate.swift */; };
		8F85B682299AC16C0097657D /* SceneDelegate.swift in Sources */ = {isa = PBXBuildFile; fileRef = 8F85B681299AC16C0097657D /* SceneDelegate.swift */; };
		8F85B687299AC16C0097657D /* Main.storyboard in Resources */ = {isa = PBXBuildFile; fileRef = 8F85B685299AC16C0097657D /* Main.storyboard */; };
		8F85B689299AC16E0097657D /* Assets.xcassets in Resources */ = {isa = PBXBuildFile; fileRef = 8F85B688299AC16E0097657D /* Assets.xcassets */; };
		8F85B68C299AC16E0097657D /* LaunchScreen.storyboard in Resources */ = {isa = PBXBuildFile; fileRef = 8F85B68A299AC16E0097657D /* LaunchScreen.storyboard */; };
		8F8947F62BC00F2A0070E699 /* GoogleService-Info.plist in Resources */ = {isa = PBXBuildFile; fileRef = 8F8947F52BC00F2A0070E699 /* GoogleService-Info.plist */; };
		8F8947FC2BC071390070E699 /* AutenticateCoordinator.swift in Sources */ = {isa = PBXBuildFile; fileRef = 8F8947FB2BC071390070E699 /* AutenticateCoordinator.swift */; };
		8F8947FF2BC0721E0070E699 /* LoginViewController.swift in Sources */ = {isa = PBXBuildFile; fileRef = 8F8947FD2BC0721E0070E699 /* LoginViewController.swift */; };
		8F8948002BC0721E0070E699 /* LoginViewController.xib in Resources */ = {isa = PBXBuildFile; fileRef = 8F8947FE2BC0721E0070E699 /* LoginViewController.xib */; };
		8F8948022BC07B5C0070E699 /* LoginViewModel.swift in Sources */ = {isa = PBXBuildFile; fileRef = 8F8948012BC07B5C0070E699 /* LoginViewModel.swift */; };
		8F8948052BC2D0AE0070E699 /* EditMaterialCoordinator.swift in Sources */ = {isa = PBXBuildFile; fileRef = 8F8948042BC2D0AE0070E699 /* EditMaterialCoordinator.swift */; };
		8F89480A2BC30DE00070E699 /* SignUpViewController.swift in Sources */ = {isa = PBXBuildFile; fileRef = 8F8948082BC30DE00070E699 /* SignUpViewController.swift */; };
		8F89480B2BC30DE00070E699 /* SignUpViewController.xib in Resources */ = {isa = PBXBuildFile; fileRef = 8F8948092BC30DE00070E699 /* SignUpViewController.xib */; };
		8F89480D2BC30DFA0070E699 /* SignUpViewModel.swift in Sources */ = {isa = PBXBuildFile; fileRef = 8F89480C2BC30DFA0070E699 /* SignUpViewModel.swift */; };
		8F8948102BC328490070E699 /* AuthManager.swift in Sources */ = {isa = PBXBuildFile; fileRef = 8F89480F2BC328490070E699 /* AuthManager.swift */; };
		8F8948182BC69E5E0070E699 /* UIButtonExtTest.swift in Sources */ = {isa = PBXBuildFile; fileRef = 8F8948172BC69E5E0070E699 /* UIButtonExtTest.swift */; };
		8F89485E2BC81AA40070E699 /* WordPair.swift in Sources */ = {isa = PBXBuildFile; fileRef = 8F89485D2BC81AA40070E699 /* WordPair.swift */; };
		8F8948602BC832D60070E699 /* Exercise.swift in Sources */ = {isa = PBXBuildFile; fileRef = 8F89485F2BC832D60070E699 /* Exercise.swift */; };
		8F8948622BC8393B0070E699 /* LearnedWord.swift in Sources */ = {isa = PBXBuildFile; fileRef = 8F8948612BC8393B0070E699 /* LearnedWord.swift */; };
		8F8948642BC83BED0070E699 /* Topic.swift in Sources */ = {isa = PBXBuildFile; fileRef = 8F8948632BC83BED0070E699 /* Topic.swift */; };
		8F8948662BC83DE80070E699 /* Module.swift in Sources */ = {isa = PBXBuildFile; fileRef = 8F8948652BC83DE80070E699 /* Module.swift */; };
		8F8948682BC847E60070E699 /* DataManager.swift in Sources */ = {isa = PBXBuildFile; fileRef = 8F8948672BC847E60070E699 /* DataManager.swift */; };
		8F89486D2BC858FC0070E699 /* MockAuthManager.swift in Sources */ = {isa = PBXBuildFile; fileRef = 8F89486C2BC858FC0070E699 /* MockAuthManager.swift */; };
		8F89486F2BC862ED0070E699 /* DataManagerTests.swift in Sources */ = {isa = PBXBuildFile; fileRef = 8F89486E2BC862ED0070E699 /* DataManagerTests.swift */; };
		8F8948722BCC311B0070E699 /* RealmDataManager.swift in Sources */ = {isa = PBXBuildFile; fileRef = 8F8948712BCC311B0070E699 /* RealmDataManager.swift */; };
		8F8948792BCC7FDE0070E699 /* ModelsRealmConverting.swift in Sources */ = {isa = PBXBuildFile; fileRef = 8F8948782BCC7FDE0070E699 /* ModelsRealmConverting.swift */; };
		8F89487A2BCD91760070E699 /* MockDataManager.swift in Sources */ = {isa = PBXBuildFile; fileRef = 8F89486A2BC858690070E699 /* MockDataManager.swift */; };
		8FDA29ED299E4D9A00DD4003 /* PopupViewController.xib in Resources */ = {isa = PBXBuildFile; fileRef = 8FDA29EB299E4D9A00DD4003 /* PopupViewController.xib */; };
		8FDA29EE299E4D9A00DD4003 /* PopupViewController.swift in Sources */ = {isa = PBXBuildFile; fileRef = 8FDA29EC299E4D9A00DD4003 /* PopupViewController.swift */; };
		8FDA29F2299E4DA800DD4003 /* Date+.swift in Sources */ = {isa = PBXBuildFile; fileRef = 8FDA29F0299E4DA700DD4003 /* Date+.swift */; };
		8FDA29F3299E4DA800DD4003 /* UIView+ext.swift in Sources */ = {isa = PBXBuildFile; fileRef = 8FDA29F1299E4DA700DD4003 /* UIView+ext.swift */; };
		8FDA29F8299E4DB500DD4003 /* KeyboardObserver.swift in Sources */ = {isa = PBXBuildFile; fileRef = 8FDA29F5299E4DB500DD4003 /* KeyboardObserver.swift */; };
		8FDA29F9299E4DB500DD4003 /* Logger.swift in Sources */ = {isa = PBXBuildFile; fileRef = 8FDA29F6299E4DB500DD4003 /* Logger.swift */; };
		8FDA29FA299E4DB500DD4003 /* DateFormatter.swift in Sources */ = {isa = PBXBuildFile; fileRef = 8FDA29F7299E4DB500DD4003 /* DateFormatter.swift */; };
		8FDA2A01299E4E8F00DD4003 /* BaseViewController.swift in Sources */ = {isa = PBXBuildFile; fileRef = 8FDA29FC299E4E8F00DD4003 /* BaseViewController.swift */; };
		8FDA2A02299E4E8F00DD4003 /* BaseViewModel.swift in Sources */ = {isa = PBXBuildFile; fileRef = 8FDA29FD299E4E8F00DD4003 /* BaseViewModel.swift */; };
		8FDA2A03299E4E8F00DD4003 /* MainTabbarView.xib in Resources */ = {isa = PBXBuildFile; fileRef = 8FDA29FE299E4E8F00DD4003 /* MainTabbarView.xib */; };
		8FDA2A04299E4E8F00DD4003 /* BaseCoordinator.swift in Sources */ = {isa = PBXBuildFile; fileRef = 8FDA29FF299E4E8F00DD4003 /* BaseCoordinator.swift */; };
		8FDA2A05299E4E8F00DD4003 /* BaseViewFromNib.swift in Sources */ = {isa = PBXBuildFile; fileRef = 8FDA2A00299E4E8F00DD4003 /* BaseViewFromNib.swift */; };
		8FDA2A0B299E567C00DD4003 /* SettingsMainMenuViewController.swift in Sources */ = {isa = PBXBuildFile; fileRef = 8FDA2A09299E567C00DD4003 /* SettingsMainMenuViewController.swift */; };
		8FDA2A0C299E567C00DD4003 /* SettingsMainMenuViewController.xib in Resources */ = {isa = PBXBuildFile; fileRef = 8FDA2A0A299E567C00DD4003 /* SettingsMainMenuViewController.xib */; };
		8FDA2A0E299E569400DD4003 /* SettingsMainMenuViewModel.swift in Sources */ = {isa = PBXBuildFile; fileRef = 8FDA2A0D299E569400DD4003 /* SettingsMainMenuViewModel.swift */; };
		8FDA2A10299E6C9400DD4003 /* SettingsCoordinator.swift in Sources */ = {isa = PBXBuildFile; fileRef = 8FDA2A0F299E6C9400DD4003 /* SettingsCoordinator.swift */; };
		8FDA2A12299E7C4E00DD4003 /* UIViewController+ext.swift in Sources */ = {isa = PBXBuildFile; fileRef = 8FDA2A11299E7C4E00DD4003 /* UIViewController+ext.swift */; };
		8FDA2A17299F7D7500DD4003 /* Localizable.strings in Resources */ = {isa = PBXBuildFile; fileRef = 8FDA2A19299F7D7500DD4003 /* Localizable.strings */; };
		8FDA2A26299FAD9500DD4003 /* StatCoordinator.swift in Sources */ = {isa = PBXBuildFile; fileRef = 8FDA2A25299FAD9500DD4003 /* StatCoordinator.swift */; };
		8FDA2A28299FADAA00DD4003 /* BaseStatViewModel.swift in Sources */ = {isa = PBXBuildFile; fileRef = 8FDA2A27299FADAA00DD4003 /* BaseStatViewModel.swift */; };
		8FDA2A2D299FADB900DD4003 /* BaseLearnViewModel.swift in Sources */ = {isa = PBXBuildFile; fileRef = 8FDA2A2B299FADB900DD4003 /* BaseLearnViewModel.swift */; };
		8FDA2A2E299FADBA00DD4003 /* LearnCoordinator.swift in Sources */ = {isa = PBXBuildFile; fileRef = 8FDA2A2C299FADB900DD4003 /* LearnCoordinator.swift */; };
		8FDA2A31299FAEBE00DD4003 /* BaseLearnViewController.swift in Sources */ = {isa = PBXBuildFile; fileRef = 8FDA2A2F299FAEBE00DD4003 /* BaseLearnViewController.swift */; };
		8FDA2A32299FAEBE00DD4003 /* BaseLearnViewController.xib in Resources */ = {isa = PBXBuildFile; fileRef = 8FDA2A30299FAEBE00DD4003 /* BaseLearnViewController.xib */; };
		8FDA2A35299FB1BD00DD4003 /* BaseStatViewController.swift in Sources */ = {isa = PBXBuildFile; fileRef = 8FDA2A33299FB1BD00DD4003 /* BaseStatViewController.swift */; };
		8FDA2A36299FB1BD00DD4003 /* BaseStatViewController.xib in Resources */ = {isa = PBXBuildFile; fileRef = 8FDA2A34299FB1BD00DD4003 /* BaseStatViewController.xib */; };
		8FDA2A3A299FB74B00DD4003 /* MainTabBarViewModel.swift in Sources */ = {isa = PBXBuildFile; fileRef = 8FDA2A38299FB74B00DD4003 /* MainTabBarViewModel.swift */; };
		8FDA2A3B299FB74B00DD4003 /* MainTabBarCoordinator.swift in Sources */ = {isa = PBXBuildFile; fileRef = 8FDA2A39299FB74B00DD4003 /* MainTabBarCoordinator.swift */; };
		8FDA2A3D299FBDD600DD4003 /* String+localization.swift in Sources */ = {isa = PBXBuildFile; fileRef = 8FDA2A3C299FBDD500DD4003 /* String+localization.swift */; };
		8FF3E5CF299FC67E00D64A0D /* UIButton+ext.swift in Sources */ = {isa = PBXBuildFile; fileRef = 8FF3E5CE299FC67E00D64A0D /* UIButton+ext.swift */; };
		8FF3E5D2299FE64D00D64A0D /* DataTableViewCell.swift in Sources */ = {isa = PBXBuildFile; fileRef = 8FF3E5D0299FE64D00D64A0D /* DataTableViewCell.swift */; };
		8FF3E5D3299FE64D00D64A0D /* DataTableViewCell.xib in Resources */ = {isa = PBXBuildFile; fileRef = 8FF3E5D1299FE64D00D64A0D /* DataTableViewCell.xib */; };
		8FF3E5D529A239AC00D64A0D /* UICheckbox.swift in Sources */ = {isa = PBXBuildFile; fileRef = 8FF3E5D429A239AC00D64A0D /* UICheckbox.swift */; };
		8FF3E5DA29A24FDD00D64A0D /* UniversalTableViewController.swift in Sources */ = {isa = PBXBuildFile; fileRef = 8FF3E5D829A24FDD00D64A0D /* UniversalTableViewController.swift */; };
		8FF3E5DB29A24FDD00D64A0D /* UniversalTableViewController.xib in Resources */ = {isa = PBXBuildFile; fileRef = 8FF3E5D929A24FDD00D64A0D /* UniversalTableViewController.xib */; };
		8FF3E5DD29A2521900D64A0D /* UniversalTableViewModel.swift in Sources */ = {isa = PBXBuildFile; fileRef = 8FF3E5DC29A2521900D64A0D /* UniversalTableViewModel.swift */; };
		8FF3E5DF29A2633500D64A0D /* EditModuleListViewModel.swift in Sources */ = {isa = PBXBuildFile; fileRef = 8FF3E5DE29A2633500D64A0D /* EditModuleListViewModel.swift */; };
		8FF3E5E229A3773500D64A0D /* ModelTableViewCell.swift in Sources */ = {isa = PBXBuildFile; fileRef = 8FF3E5E129A3773500D64A0D /* ModelTableViewCell.swift */; };
		8FF3E5E429A43C0400D64A0D /* CustomTextField.swift in Sources */ = {isa = PBXBuildFile; fileRef = 8FF3E5E329A43C0400D64A0D /* CustomTextField.swift */; };
		8FF3E5E629A43CE400D64A0D /* UIColor+ext.swift in Sources */ = {isa = PBXBuildFile; fileRef = 8FF3E5E529A43CE400D64A0D /* UIColor+ext.swift */; };
		8FF3E5E829A43DAE00D64A0D /* UITextField+ext.swift in Sources */ = {isa = PBXBuildFile; fileRef = 8FF3E5E729A43DAE00D64A0D /* UITextField+ext.swift */; };
		8FF3E5EA29A4CC6200D64A0D /* EditModuleViewModel.swift in Sources */ = {isa = PBXBuildFile; fileRef = 8FF3E5E929A4CC6200D64A0D /* EditModuleViewModel.swift */; };
		8FF3E5EC29A4D9A100D64A0D /* ModelWordPair_realm.swift in Sources */ = {isa = PBXBuildFile; fileRef = 8FF3E5EB29A4D9A100D64A0D /* ModelWordPair_realm.swift */; };
		8FF3E5EE29A4DB4F00D64A0D /* ModelExercise_realm.swift in Sources */ = {isa = PBXBuildFile; fileRef = 8FF3E5ED29A4DB4F00D64A0D /* ModelExercise_realm.swift */; };
		8FF3E5F029A4DE6400D64A0D /* ModelLearnedWord_realm.swift in Sources */ = {isa = PBXBuildFile; fileRef = 8FF3E5EF29A4DE6400D64A0D /* ModelLearnedWord_realm.swift */; };
		8FF3E5F229A4F97700D64A0D /* ModelTopic_realm.swift in Sources */ = {isa = PBXBuildFile; fileRef = 8FF3E5F129A4F97700D64A0D /* ModelTopic_realm.swift */; };
		8FF3E5F429A4FBAB00D64A0D /* ModelModule_realm.swift in Sources */ = {isa = PBXBuildFile; fileRef = 8FF3E5F329A4FBAB00D64A0D /* ModelModule_realm.swift */; };
		8FF3E5F629A507AD00D64A0D /* RxHelpers.swift in Sources */ = {isa = PBXBuildFile; fileRef = 8FF3E5F529A507AD00D64A0D /* RxHelpers.swift */; };
		8FF3E5F829A645B900D64A0D /* LearnModulesListViewModel.swift in Sources */ = {isa = PBXBuildFile; fileRef = 8FF3E5F729A645B800D64A0D /* LearnModulesListViewModel.swift */; };
		8FF3E5FA29A64E8600D64A0D /* LearnModuleViewModel.swift in Sources */ = {isa = PBXBuildFile; fileRef = 8FF3E5F929A64E8600D64A0D /* LearnModuleViewModel.swift */; };
		8FF3E5FC29A672BB00D64A0D /* EditTopicViewModel.swift in Sources */ = {isa = PBXBuildFile; fileRef = 8FF3E5FB29A672BB00D64A0D /* EditTopicViewModel.swift */; };
		8FF3E60029A7655D00D64A0D /* EditWordViewController.swift in Sources */ = {isa = PBXBuildFile; fileRef = 8FF3E5FE29A7655D00D64A0D /* EditWordViewController.swift */; };
		8FF3E60129A7655D00D64A0D /* EditWordViewController.xib in Resources */ = {isa = PBXBuildFile; fileRef = 8FF3E5FF29A7655D00D64A0D /* EditWordViewController.xib */; };
		8FF3E60329A76DA300D64A0D /* EditWordViewModel.swift in Sources */ = {isa = PBXBuildFile; fileRef = 8FF3E60229A76DA300D64A0D /* EditWordViewModel.swift */; };
		8FF3E60529AAD0BD00D64A0D /* CustomTextView.swift in Sources */ = {isa = PBXBuildFile; fileRef = 8FF3E60429AAD0BD00D64A0D /* CustomTextView.swift */; };
		8FF3E60729AD608500D64A0D /* LearnTopicViewModel.swift in Sources */ = {isa = PBXBuildFile; fileRef = 8FF3E60629AD608500D64A0D /* LearnTopicViewModel.swift */; };
/* End PBXBuildFile section */

/* Begin PBXContainerItemProxy section */
		8F8948192BC69E5E0070E699 /* PBXContainerItemProxy */ = {
			isa = PBXContainerItemProxy;
			containerPortal = 8F85B674299AC16C0097657D /* Project object */;
			proxyType = 1;
			remoteGlobalIDString = 8F85B67B299AC16C0097657D;
			remoteInfo = LearnWords;
		};
/* End PBXContainerItemProxy section */

/* Begin PBXFileReference section */
		39E3F00D296D5AADDB42B20E /* Pods-LearnWords.debug.xcconfig */ = {isa = PBXFileReference; includeInIndex = 1; lastKnownFileType = text.xcconfig; name = "Pods-LearnWords.debug.xcconfig"; path = "Target Support Files/Pods-LearnWords/Pods-LearnWords.debug.xcconfig"; sourceTree = "<group>"; };
		8F85B67C299AC16C0097657D /* LearnWords.app */ = {isa = PBXFileReference; explicitFileType = wrapper.application; includeInIndex = 0; path = LearnWords.app; sourceTree = BUILT_PRODUCTS_DIR; };
		8F85B67F299AC16C0097657D /* AppDelegate.swift */ = {isa = PBXFileReference; lastKnownFileType = sourcecode.swift; path = AppDelegate.swift; sourceTree = "<group>"; };
		8F85B681299AC16C0097657D /* SceneDelegate.swift */ = {isa = PBXFileReference; lastKnownFileType = sourcecode.swift; path = SceneDelegate.swift; sourceTree = "<group>"; };
		8F85B686299AC16C0097657D /* Base */ = {isa = PBXFileReference; lastKnownFileType = file.storyboard; name = Base; path = Base.lproj/Main.storyboard; sourceTree = "<group>"; };
		8F85B688299AC16E0097657D /* Assets.xcassets */ = {isa = PBXFileReference; lastKnownFileType = folder.assetcatalog; path = Assets.xcassets; sourceTree = "<group>"; };
		8F85B68B299AC16E0097657D /* Base */ = {isa = PBXFileReference; lastKnownFileType = file.storyboard; name = Base; path = Base.lproj/LaunchScreen.storyboard; sourceTree = "<group>"; };
		8F85B68D299AC16E0097657D /* Info.plist */ = {isa = PBXFileReference; lastKnownFileType = text.plist.xml; path = Info.plist; sourceTree = "<group>"; };
		8F8947F52BC00F2A0070E699 /* GoogleService-Info.plist */ = {isa = PBXFileReference; fileEncoding = 4; lastKnownFileType = text.plist.xml; path = "GoogleService-Info.plist"; sourceTree = "<group>"; };
		8F8947FB2BC071390070E699 /* AutenticateCoordinator.swift */ = {isa = PBXFileReference; lastKnownFileType = sourcecode.swift; path = AutenticateCoordinator.swift; sourceTree = "<group>"; };
		8F8947FD2BC0721E0070E699 /* LoginViewController.swift */ = {isa = PBXFileReference; lastKnownFileType = sourcecode.swift; path = LoginViewController.swift; sourceTree = "<group>"; };
		8F8947FE2BC0721E0070E699 /* LoginViewController.xib */ = {isa = PBXFileReference; lastKnownFileType = file.xib; path = LoginViewController.xib; sourceTree = "<group>"; };
		8F8948012BC07B5C0070E699 /* LoginViewModel.swift */ = {isa = PBXFileReference; lastKnownFileType = sourcecode.swift; path = LoginViewModel.swift; sourceTree = "<group>"; };
		8F8948042BC2D0AE0070E699 /* EditMaterialCoordinator.swift */ = {isa = PBXFileReference; lastKnownFileType = sourcecode.swift; path = EditMaterialCoordinator.swift; sourceTree = "<group>"; };
		8F8948082BC30DE00070E699 /* SignUpViewController.swift */ = {isa = PBXFileReference; lastKnownFileType = sourcecode.swift; path = SignUpViewController.swift; sourceTree = "<group>"; };
		8F8948092BC30DE00070E699 /* SignUpViewController.xib */ = {isa = PBXFileReference; lastKnownFileType = file.xib; path = SignUpViewController.xib; sourceTree = "<group>"; };
		8F89480C2BC30DFA0070E699 /* SignUpViewModel.swift */ = {isa = PBXFileReference; lastKnownFileType = sourcecode.swift; path = SignUpViewModel.swift; sourceTree = "<group>"; };
		8F89480F2BC328490070E699 /* AuthManager.swift */ = {isa = PBXFileReference; lastKnownFileType = sourcecode.swift; path = AuthManager.swift; sourceTree = "<group>"; };
		8F8948152BC69E5E0070E699 /* LearnWordsTests.xctest */ = {isa = PBXFileReference; explicitFileType = wrapper.cfbundle; includeInIndex = 0; path = LearnWordsTests.xctest; sourceTree = BUILT_PRODUCTS_DIR; };
		8F8948172BC69E5E0070E699 /* UIButtonExtTest.swift */ = {isa = PBXFileReference; lastKnownFileType = sourcecode.swift; path = UIButtonExtTest.swift; sourceTree = "<group>"; };
		8F89485D2BC81AA40070E699 /* WordPair.swift */ = {isa = PBXFileReference; lastKnownFileType = sourcecode.swift; path = WordPair.swift; sourceTree = "<group>"; };
		8F89485F2BC832D60070E699 /* Exercise.swift */ = {isa = PBXFileReference; lastKnownFileType = sourcecode.swift; path = Exercise.swift; sourceTree = "<group>"; };
		8F8948612BC8393B0070E699 /* LearnedWord.swift */ = {isa = PBXFileReference; lastKnownFileType = sourcecode.swift; path = LearnedWord.swift; sourceTree = "<group>"; };
		8F8948632BC83BED0070E699 /* Topic.swift */ = {isa = PBXFileReference; lastKnownFileType = sourcecode.swift; path = Topic.swift; sourceTree = "<group>"; };
		8F8948652BC83DE80070E699 /* Module.swift */ = {isa = PBXFileReference; lastKnownFileType = sourcecode.swift; path = Module.swift; sourceTree = "<group>"; };
		8F8948672BC847E60070E699 /* DataManager.swift */ = {isa = PBXFileReference; lastKnownFileType = sourcecode.swift; path = DataManager.swift; sourceTree = "<group>"; };
		8F89486A2BC858690070E699 /* MockDataManager.swift */ = {isa = PBXFileReference; lastKnownFileType = sourcecode.swift; path = MockDataManager.swift; sourceTree = "<group>"; };
		8F89486C2BC858FC0070E699 /* MockAuthManager.swift */ = {isa = PBXFileReference; lastKnownFileType = sourcecode.swift; path = MockAuthManager.swift; sourceTree = "<group>"; };
		8F89486E2BC862ED0070E699 /* DataManagerTests.swift */ = {isa = PBXFileReference; lastKnownFileType = sourcecode.swift; path = DataManagerTests.swift; sourceTree = "<group>"; };
		8F8948712BCC311B0070E699 /* RealmDataManager.swift */ = {isa = PBXFileReference; lastKnownFileType = sourcecode.swift; path = RealmDataManager.swift; sourceTree = "<group>"; };
		8F8948782BCC7FDE0070E699 /* ModelsRealmConverting.swift */ = {isa = PBXFileReference; lastKnownFileType = sourcecode.swift; path = ModelsRealmConverting.swift; sourceTree = "<group>"; };
		8FDA29EB299E4D9A00DD4003 /* PopupViewController.xib */ = {isa = PBXFileReference; fileEncoding = 4; lastKnownFileType = file.xib; path = PopupViewController.xib; sourceTree = "<group>"; };
		8FDA29EC299E4D9A00DD4003 /* PopupViewController.swift */ = {isa = PBXFileReference; fileEncoding = 4; lastKnownFileType = sourcecode.swift; path = PopupViewController.swift; sourceTree = "<group>"; };
		8FDA29F0299E4DA700DD4003 /* Date+.swift */ = {isa = PBXFileReference; fileEncoding = 4; lastKnownFileType = sourcecode.swift; path = "Date+.swift"; sourceTree = "<group>"; };
		8FDA29F1299E4DA700DD4003 /* UIView+ext.swift */ = {isa = PBXFileReference; fileEncoding = 4; lastKnownFileType = sourcecode.swift; path = "UIView+ext.swift"; sourceTree = "<group>"; };
		8FDA29F5299E4DB500DD4003 /* KeyboardObserver.swift */ = {isa = PBXFileReference; fileEncoding = 4; lastKnownFileType = sourcecode.swift; path = KeyboardObserver.swift; sourceTree = "<group>"; };
		8FDA29F6299E4DB500DD4003 /* Logger.swift */ = {isa = PBXFileReference; fileEncoding = 4; lastKnownFileType = sourcecode.swift; path = Logger.swift; sourceTree = "<group>"; };
		8FDA29F7299E4DB500DD4003 /* DateFormatter.swift */ = {isa = PBXFileReference; fileEncoding = 4; lastKnownFileType = sourcecode.swift; path = DateFormatter.swift; sourceTree = "<group>"; };
		8FDA29FC299E4E8F00DD4003 /* BaseViewController.swift */ = {isa = PBXFileReference; fileEncoding = 4; lastKnownFileType = sourcecode.swift; path = BaseViewController.swift; sourceTree = "<group>"; };
		8FDA29FD299E4E8F00DD4003 /* BaseViewModel.swift */ = {isa = PBXFileReference; fileEncoding = 4; lastKnownFileType = sourcecode.swift; path = BaseViewModel.swift; sourceTree = "<group>"; };
		8FDA29FE299E4E8F00DD4003 /* MainTabbarView.xib */ = {isa = PBXFileReference; fileEncoding = 4; lastKnownFileType = file.xib; path = MainTabbarView.xib; sourceTree = "<group>"; };
		8FDA29FF299E4E8F00DD4003 /* BaseCoordinator.swift */ = {isa = PBXFileReference; fileEncoding = 4; lastKnownFileType = sourcecode.swift; path = BaseCoordinator.swift; sourceTree = "<group>"; };
		8FDA2A00299E4E8F00DD4003 /* BaseViewFromNib.swift */ = {isa = PBXFileReference; fileEncoding = 4; lastKnownFileType = sourcecode.swift; path = BaseViewFromNib.swift; sourceTree = "<group>"; };
		8FDA2A09299E567C00DD4003 /* SettingsMainMenuViewController.swift */ = {isa = PBXFileReference; lastKnownFileType = sourcecode.swift; path = SettingsMainMenuViewController.swift; sourceTree = "<group>"; };
		8FDA2A0A299E567C00DD4003 /* SettingsMainMenuViewController.xib */ = {isa = PBXFileReference; lastKnownFileType = file.xib; path = SettingsMainMenuViewController.xib; sourceTree = "<group>"; };
		8FDA2A0D299E569400DD4003 /* SettingsMainMenuViewModel.swift */ = {isa = PBXFileReference; lastKnownFileType = sourcecode.swift; path = SettingsMainMenuViewModel.swift; sourceTree = "<group>"; };
		8FDA2A0F299E6C9400DD4003 /* SettingsCoordinator.swift */ = {isa = PBXFileReference; lastKnownFileType = sourcecode.swift; path = SettingsCoordinator.swift; sourceTree = "<group>"; };
		8FDA2A11299E7C4E00DD4003 /* UIViewController+ext.swift */ = {isa = PBXFileReference; fileEncoding = 4; lastKnownFileType = sourcecode.swift; path = "UIViewController+ext.swift"; sourceTree = "<group>"; };
		8FDA2A18299F7D7500DD4003 /* en */ = {isa = PBXFileReference; lastKnownFileType = text.plist.strings; name = en; path = en.lproj/Localizable.strings; sourceTree = "<group>"; };
		8FDA2A1A299F7D8F00DD4003 /* uk */ = {isa = PBXFileReference; lastKnownFileType = text.plist.strings; name = uk; path = uk.lproj/Main.strings; sourceTree = "<group>"; };
		8FDA2A1B299F7D8F00DD4003 /* uk */ = {isa = PBXFileReference; lastKnownFileType = text.plist.strings; name = uk; path = uk.lproj/LaunchScreen.strings; sourceTree = "<group>"; };
		8FDA2A1C299F7D8F00DD4003 /* uk */ = {isa = PBXFileReference; lastKnownFileType = text.plist.strings; name = uk; path = uk.lproj/Localizable.strings; sourceTree = "<group>"; };
		8FDA2A1D299F7DA700DD4003 /* ru */ = {isa = PBXFileReference; lastKnownFileType = text.plist.strings; name = ru; path = ru.lproj/Main.strings; sourceTree = "<group>"; };
		8FDA2A1E299F7DA700DD4003 /* ru */ = {isa = PBXFileReference; lastKnownFileType = text.plist.strings; name = ru; path = ru.lproj/LaunchScreen.strings; sourceTree = "<group>"; };
		8FDA2A1F299F7DA700DD4003 /* ru */ = {isa = PBXFileReference; lastKnownFileType = text.plist.strings; name = ru; path = ru.lproj/Localizable.strings; sourceTree = "<group>"; };
		8FDA2A20299F7DB900DD4003 /* es */ = {isa = PBXFileReference; lastKnownFileType = text.plist.strings; name = es; path = es.lproj/Main.strings; sourceTree = "<group>"; };
		8FDA2A21299F7DB900DD4003 /* es */ = {isa = PBXFileReference; lastKnownFileType = text.plist.strings; name = es; path = es.lproj/LaunchScreen.strings; sourceTree = "<group>"; };
		8FDA2A22299F7DB900DD4003 /* es */ = {isa = PBXFileReference; lastKnownFileType = text.plist.strings; name = es; path = es.lproj/Localizable.strings; sourceTree = "<group>"; };
		8FDA2A25299FAD9500DD4003 /* StatCoordinator.swift */ = {isa = PBXFileReference; fileEncoding = 4; lastKnownFileType = sourcecode.swift; name = StatCoordinator.swift; path = LearnWords/Screens/Stat/StatCoordinator.swift; sourceTree = SOURCE_ROOT; };
		8FDA2A27299FADAA00DD4003 /* BaseStatViewModel.swift */ = {isa = PBXFileReference; fileEncoding = 4; lastKnownFileType = sourcecode.swift; path = BaseStatViewModel.swift; sourceTree = "<group>"; };
		8FDA2A2B299FADB900DD4003 /* BaseLearnViewModel.swift */ = {isa = PBXFileReference; fileEncoding = 4; lastKnownFileType = sourcecode.swift; path = BaseLearnViewModel.swift; sourceTree = "<group>"; };
		8FDA2A2C299FADB900DD4003 /* LearnCoordinator.swift */ = {isa = PBXFileReference; fileEncoding = 4; lastKnownFileType = sourcecode.swift; path = LearnCoordinator.swift; sourceTree = "<group>"; };
		8FDA2A2F299FAEBE00DD4003 /* BaseLearnViewController.swift */ = {isa = PBXFileReference; lastKnownFileType = sourcecode.swift; path = BaseLearnViewController.swift; sourceTree = "<group>"; };
		8FDA2A30299FAEBE00DD4003 /* BaseLearnViewController.xib */ = {isa = PBXFileReference; lastKnownFileType = file.xib; path = BaseLearnViewController.xib; sourceTree = "<group>"; };
		8FDA2A33299FB1BD00DD4003 /* BaseStatViewController.swift */ = {isa = PBXFileReference; lastKnownFileType = sourcecode.swift; path = BaseStatViewController.swift; sourceTree = "<group>"; };
		8FDA2A34299FB1BD00DD4003 /* BaseStatViewController.xib */ = {isa = PBXFileReference; lastKnownFileType = file.xib; path = BaseStatViewController.xib; sourceTree = "<group>"; };
		8FDA2A38299FB74B00DD4003 /* MainTabBarViewModel.swift */ = {isa = PBXFileReference; fileEncoding = 4; lastKnownFileType = sourcecode.swift; path = MainTabBarViewModel.swift; sourceTree = "<group>"; };
		8FDA2A39299FB74B00DD4003 /* MainTabBarCoordinator.swift */ = {isa = PBXFileReference; fileEncoding = 4; lastKnownFileType = sourcecode.swift; path = MainTabBarCoordinator.swift; sourceTree = "<group>"; };
		8FDA2A3C299FBDD500DD4003 /* String+localization.swift */ = {isa = PBXFileReference; fileEncoding = 4; lastKnownFileType = sourcecode.swift; name = "String+localization.swift"; path = "LearnWords/Extensions/String+localization.swift"; sourceTree = SOURCE_ROOT; };
		8FF3E5CE299FC67E00D64A0D /* UIButton+ext.swift */ = {isa = PBXFileReference; lastKnownFileType = sourcecode.swift; path = "UIButton+ext.swift"; sourceTree = "<group>"; };
		8FF3E5D0299FE64D00D64A0D /* DataTableViewCell.swift */ = {isa = PBXFileReference; lastKnownFileType = sourcecode.swift; path = DataTableViewCell.swift; sourceTree = "<group>"; };
		8FF3E5D1299FE64D00D64A0D /* DataTableViewCell.xib */ = {isa = PBXFileReference; lastKnownFileType = file.xib; path = DataTableViewCell.xib; sourceTree = "<group>"; };
		8FF3E5D429A239AC00D64A0D /* UICheckbox.swift */ = {isa = PBXFileReference; fileEncoding = 4; lastKnownFileType = sourcecode.swift; path = UICheckbox.swift; sourceTree = "<group>"; };
		8FF3E5D829A24FDD00D64A0D /* UniversalTableViewController.swift */ = {isa = PBXFileReference; lastKnownFileType = sourcecode.swift; path = UniversalTableViewController.swift; sourceTree = "<group>"; };
		8FF3E5D929A24FDD00D64A0D /* UniversalTableViewController.xib */ = {isa = PBXFileReference; lastKnownFileType = file.xib; path = UniversalTableViewController.xib; sourceTree = "<group>"; };
		8FF3E5DC29A2521900D64A0D /* UniversalTableViewModel.swift */ = {isa = PBXFileReference; lastKnownFileType = sourcecode.swift; path = UniversalTableViewModel.swift; sourceTree = "<group>"; };
		8FF3E5DE29A2633500D64A0D /* EditModuleListViewModel.swift */ = {isa = PBXFileReference; lastKnownFileType = sourcecode.swift; path = EditModuleListViewModel.swift; sourceTree = "<group>"; };
		8FF3E5E129A3773500D64A0D /* ModelTableViewCell.swift */ = {isa = PBXFileReference; lastKnownFileType = sourcecode.swift; path = ModelTableViewCell.swift; sourceTree = "<group>"; };
		8FF3E5E329A43C0400D64A0D /* CustomTextField.swift */ = {isa = PBXFileReference; fileEncoding = 4; lastKnownFileType = sourcecode.swift; path = CustomTextField.swift; sourceTree = "<group>"; };
		8FF3E5E529A43CE400D64A0D /* UIColor+ext.swift */ = {isa = PBXFileReference; fileEncoding = 4; lastKnownFileType = sourcecode.swift; path = "UIColor+ext.swift"; sourceTree = "<group>"; };
		8FF3E5E729A43DAE00D64A0D /* UITextField+ext.swift */ = {isa = PBXFileReference; fileEncoding = 4; lastKnownFileType = sourcecode.swift; path = "UITextField+ext.swift"; sourceTree = "<group>"; };
		8FF3E5E929A4CC6200D64A0D /* EditModuleViewModel.swift */ = {isa = PBXFileReference; lastKnownFileType = sourcecode.swift; path = EditModuleViewModel.swift; sourceTree = "<group>"; };
		8FF3E5EB29A4D9A100D64A0D /* ModelWordPair_realm.swift */ = {isa = PBXFileReference; lastKnownFileType = sourcecode.swift; path = ModelWordPair_realm.swift; sourceTree = "<group>"; };
		8FF3E5ED29A4DB4F00D64A0D /* ModelExercise_realm.swift */ = {isa = PBXFileReference; lastKnownFileType = sourcecode.swift; path = ModelExercise_realm.swift; sourceTree = "<group>"; };
		8FF3E5EF29A4DE6400D64A0D /* ModelLearnedWord_realm.swift */ = {isa = PBXFileReference; lastKnownFileType = sourcecode.swift; path = ModelLearnedWord_realm.swift; sourceTree = "<group>"; };
		8FF3E5F129A4F97700D64A0D /* ModelTopic_realm.swift */ = {isa = PBXFileReference; lastKnownFileType = sourcecode.swift; path = ModelTopic_realm.swift; sourceTree = "<group>"; };
		8FF3E5F329A4FBAB00D64A0D /* ModelModule_realm.swift */ = {isa = PBXFileReference; lastKnownFileType = sourcecode.swift; path = ModelModule_realm.swift; sourceTree = "<group>"; };
		8FF3E5F529A507AD00D64A0D /* RxHelpers.swift */ = {isa = PBXFileReference; fileEncoding = 4; lastKnownFileType = sourcecode.swift; path = RxHelpers.swift; sourceTree = "<group>"; };
		8FF3E5F729A645B800D64A0D /* LearnModulesListViewModel.swift */ = {isa = PBXFileReference; lastKnownFileType = sourcecode.swift; path = LearnModulesListViewModel.swift; sourceTree = "<group>"; };
		8FF3E5F929A64E8600D64A0D /* LearnModuleViewModel.swift */ = {isa = PBXFileReference; lastKnownFileType = sourcecode.swift; path = LearnModuleViewModel.swift; sourceTree = "<group>"; };
		8FF3E5FB29A672BB00D64A0D /* EditTopicViewModel.swift */ = {isa = PBXFileReference; lastKnownFileType = sourcecode.swift; path = EditTopicViewModel.swift; sourceTree = "<group>"; };
		8FF3E5FE29A7655D00D64A0D /* EditWordViewController.swift */ = {isa = PBXFileReference; lastKnownFileType = sourcecode.swift; path = EditWordViewController.swift; sourceTree = "<group>"; };
		8FF3E5FF29A7655D00D64A0D /* EditWordViewController.xib */ = {isa = PBXFileReference; lastKnownFileType = file.xib; path = EditWordViewController.xib; sourceTree = "<group>"; };
		8FF3E60229A76DA300D64A0D /* EditWordViewModel.swift */ = {isa = PBXFileReference; lastKnownFileType = sourcecode.swift; path = EditWordViewModel.swift; sourceTree = "<group>"; };
		8FF3E60429AAD0BD00D64A0D /* CustomTextView.swift */ = {isa = PBXFileReference; lastKnownFileType = sourcecode.swift; path = CustomTextView.swift; sourceTree = "<group>"; };
		8FF3E60629AD608500D64A0D /* LearnTopicViewModel.swift */ = {isa = PBXFileReference; lastKnownFileType = sourcecode.swift; path = LearnTopicViewModel.swift; sourceTree = "<group>"; };
		BDAF99E192F044DC42D5F440 /* Pods-LearnWords.release.xcconfig */ = {isa = PBXFileReference; includeInIndex = 1; lastKnownFileType = text.xcconfig; name = "Pods-LearnWords.release.xcconfig"; path = "Target Support Files/Pods-LearnWords/Pods-LearnWords.release.xcconfig"; sourceTree = "<group>"; };
		FD94A19289068F6A6A3AB6AE /* Pods_LearnWords.framework */ = {isa = PBXFileReference; explicitFileType = wrapper.framework; includeInIndex = 0; path = Pods_LearnWords.framework; sourceTree = BUILT_PRODUCTS_DIR; };
/* End PBXFileReference section */

/* Begin PBXFrameworksBuildPhase section */
		8F85B679299AC16C0097657D /* Frameworks */ = {
			isa = PBXFrameworksBuildPhase;
			buildActionMask = 2147483647;
			files = (
				1761131D62D7AB43F88939AB /* Pods_LearnWords.framework in Frameworks */,
			);
			runOnlyForDeploymentPostprocessing = 0;
		};
		8F8948122BC69E5E0070E699 /* Frameworks */ = {
			isa = PBXFrameworksBuildPhase;
			buildActionMask = 2147483647;
			files = (
			);
			runOnlyForDeploymentPostprocessing = 0;
		};
/* End PBXFrameworksBuildPhase section */

/* Begin PBXGroup section */
		375B5EDC503EF01E17D75AA8 /* Frameworks */ = {
			isa = PBXGroup;
			children = (
				FD94A19289068F6A6A3AB6AE /* Pods_LearnWords.framework */,
			);
			name = Frameworks;
			sourceTree = "<group>";
		};
		8F85B673299AC16C0097657D = {
			isa = PBXGroup;
			children = (
				8F85B67E299AC16C0097657D /* LearnWords */,
				8F8948162BC69E5E0070E699 /* LearnWordsTests */,
				8F85B67D299AC16C0097657D /* Products */,
				FB68A1162FE42147CDD3C76E /* Pods */,
				375B5EDC503EF01E17D75AA8 /* Frameworks */,
			);
			sourceTree = "<group>";
		};
		8F85B67D299AC16C0097657D /* Products */ = {
			isa = PBXGroup;
			children = (
				8F85B67C299AC16C0097657D /* LearnWords.app */,
				8F8948152BC69E5E0070E699 /* LearnWordsTests.xctest */,
			);
			name = Products;
			sourceTree = "<group>";
		};
		8F85B67E299AC16C0097657D /* LearnWords */ = {
			isa = PBXGroup;
			children = (
				8F89480E2BC328300070E699 /* Managers */,
				8F8947F82BC0513A0070E699 /* Resources */,
				8F8947F72BC050DF0070E699 /* Application */,
				8FF3E5E029A375D300D64A0D /* Models */,
				8FDA2A06299E555E00DD4003 /* Screens */,
				8FDA29EA299E4D9A00DD4003 /* CustomUI */,
				8FDA29EF299E4DA700DD4003 /* Extensions */,
				8FDA29FB299E4E8F00DD4003 /* BaseClasses */,
				8FDA29F4299E4DB500DD4003 /* Helpers */,
			);
			path = LearnWords;
			sourceTree = "<group>";
		};
		8F8947F72BC050DF0070E699 /* Application */ = {
			isa = PBXGroup;
			children = (
				8F85B67F299AC16C0097657D /* AppDelegate.swift */,
				8F85B681299AC16C0097657D /* SceneDelegate.swift */,
			);
			path = Application;
			sourceTree = "<group>";
		};
		8F8947F82BC0513A0070E699 /* Resources */ = {
			isa = PBXGroup;
			children = (
				8F85B685299AC16C0097657D /* Main.storyboard */,
				8F85B688299AC16E0097657D /* Assets.xcassets */,
				8F8947F52BC00F2A0070E699 /* GoogleService-Info.plist */,
				8FDA2A19299F7D7500DD4003 /* Localizable.strings */,
				8F85B68A299AC16E0097657D /* LaunchScreen.storyboard */,
				8F85B68D299AC16E0097657D /* Info.plist */,
			);
			path = Resources;
			sourceTree = "<group>";
		};
		8F8947F92BC0543D0070E699 /* Authenticate */ = {
			isa = PBXGroup;
			children = (
				8F8948072BC30DC80070E699 /* SignUp */,
				8F8947FA2BC0549E0070E699 /* Login */,
				8F8947FB2BC071390070E699 /* AutenticateCoordinator.swift */,
			);
			path = Authenticate;
			sourceTree = "<group>";
		};
		8F8947FA2BC0549E0070E699 /* Login */ = {
			isa = PBXGroup;
			children = (
				8F8947FD2BC0721E0070E699 /* LoginViewController.swift */,
				8F8948012BC07B5C0070E699 /* LoginViewModel.swift */,
				8F8947FE2BC0721E0070E699 /* LoginViewController.xib */,
			);
			path = Login;
			sourceTree = "<group>";
		};
		8F8948032BC2CC130070E699 /* EditMaterial */ = {
			isa = PBXGroup;
			children = (
				8F8948752BCC34DA0070E699 /* EditTopic */,
				8F8948742BCC34C10070E699 /* EditModule */,
				8F8948732BCC34A50070E699 /* EditModuleList */,
				8FF3E5FD29A764F800D64A0D /* EditWord */,
				8F8948042BC2D0AE0070E699 /* EditMaterialCoordinator.swift */,
			);
			path = EditMaterial;
			sourceTree = "<group>";
		};
		8F8948072BC30DC80070E699 /* SignUp */ = {
			isa = PBXGroup;
			children = (
				8F8948082BC30DE00070E699 /* SignUpViewController.swift */,
				8F89480C2BC30DFA0070E699 /* SignUpViewModel.swift */,
				8F8948092BC30DE00070E699 /* SignUpViewController.xib */,
			);
			path = SignUp;
			sourceTree = "<group>";
		};
		8F89480E2BC328300070E699 /* Managers */ = {
			isa = PBXGroup;
			children = (
				8F8948702BCC30DA0070E699 /* Realm */,
				8F89480F2BC328490070E699 /* AuthManager.swift */,
				8F8948672BC847E60070E699 /* DataManager.swift */,
			);
			path = Managers;
			sourceTree = "<group>";
		};
		8F8948162BC69E5E0070E699 /* LearnWordsTests */ = {
			isa = PBXGroup;
			children = (
				8F8948692BC8583F0070E699 /* Mocks */,
				8F8948172BC69E5E0070E699 /* UIButtonExtTest.swift */,
				8F89486E2BC862ED0070E699 /* DataManagerTests.swift */,
				8F8948782BCC7FDE0070E699 /* ModelsRealmConverting.swift */,
			);
			path = LearnWordsTests;
			sourceTree = "<group>";
		};
		8F89485B2BC803E20070E699 /* UI */ = {
			isa = PBXGroup;
			children = (
				8FF3E5E129A3773500D64A0D /* ModelTableViewCell.swift */,
			);
			path = UI;
			sourceTree = "<group>";
		};
		8F89485C2BC819830070E699 /* Realm */ = {
			isa = PBXGroup;
			children = (
				8FF3E5EF29A4DE6400D64A0D /* ModelLearnedWord_realm.swift */,
				8FF3E5ED29A4DB4F00D64A0D /* ModelExercise_realm.swift */,
				8FF3E5F129A4F97700D64A0D /* ModelTopic_realm.swift */,
				8FF3E5F329A4FBAB00D64A0D /* ModelModule_realm.swift */,
				8FF3E5EB29A4D9A100D64A0D /* ModelWordPair_realm.swift */,
			);
			path = Realm;
			sourceTree = "<group>";
		};
		8F8948692BC8583F0070E699 /* Mocks */ = {
			isa = PBXGroup;
			children = (
				8F89486A2BC858690070E699 /* MockDataManager.swift */,
				8F89486C2BC858FC0070E699 /* MockAuthManager.swift */,
			);
			path = Mocks;
			sourceTree = "<group>";
		};
		8F8948702BCC30DA0070E699 /* Realm */ = {
			isa = PBXGroup;
			children = (
				8F8948712BCC311B0070E699 /* RealmDataManager.swift */,
			);
			path = Realm;
			sourceTree = "<group>";
		};
		8F8948732BCC34A50070E699 /* EditModuleList */ = {
			isa = PBXGroup;
			children = (
				8FF3E5DE29A2633500D64A0D /* EditModuleListViewModel.swift */,
			);
			path = EditModuleList;
			sourceTree = "<group>";
		};
		8F8948742BCC34C10070E699 /* EditModule */ = {
			isa = PBXGroup;
			children = (
				8FF3E5E929A4CC6200D64A0D /* EditModuleViewModel.swift */,
			);
			path = EditModule;
			sourceTree = "<group>";
		};
		8F8948752BCC34DA0070E699 /* EditTopic */ = {
			isa = PBXGroup;
			children = (
				8FF3E5FB29A672BB00D64A0D /* EditTopicViewModel.swift */,
			);
			path = EditTopic;
			sourceTree = "<group>";
		};
		8F89487B2BD26CCB0070E699 /* LearnModuleList */ = {
			isa = PBXGroup;
			children = (
				8FF3E5F729A645B800D64A0D /* LearnModulesListViewModel.swift */,
			);
			path = LearnModuleList;
			sourceTree = "<group>";
		};
		8F89487C2BD26CF90070E699 /* LearnModule */ = {
			isa = PBXGroup;
			children = (
				8FF3E5F929A64E8600D64A0D /* LearnModuleViewModel.swift */,
			);
			path = LearnModule;
			sourceTree = "<group>";
		};
		8F89487D2BD26D0E0070E699 /* LearnTopic */ = {
			isa = PBXGroup;
			children = (
				8FF3E60629AD608500D64A0D /* LearnTopicViewModel.swift */,
			);
			path = LearnTopic;
			sourceTree = "<group>";
		};
		8FDA29EA299E4D9A00DD4003 /* CustomUI */ = {
			isa = PBXGroup;
			children = (
				8FF3E5E329A43C0400D64A0D /* CustomTextField.swift */,
				8FF3E60429AAD0BD00D64A0D /* CustomTextView.swift */,
				8FDA29EB299E4D9A00DD4003 /* PopupViewController.xib */,
				8FF3E5D429A239AC00D64A0D /* UICheckbox.swift */,
				8FDA29EC299E4D9A00DD4003 /* PopupViewController.swift */,
				8FF3E5D0299FE64D00D64A0D /* DataTableViewCell.swift */,
				8FF3E5D1299FE64D00D64A0D /* DataTableViewCell.xib */,
			);
			path = CustomUI;
			sourceTree = "<group>";
		};
		8FDA29EF299E4DA700DD4003 /* Extensions */ = {
			isa = PBXGroup;
			children = (
				8FDA2A3C299FBDD500DD4003 /* String+localization.swift */,
				8FF3E5E729A43DAE00D64A0D /* UITextField+ext.swift */,
				8FF3E5E529A43CE400D64A0D /* UIColor+ext.swift */,
				8FDA2A11299E7C4E00DD4003 /* UIViewController+ext.swift */,
				8FDA29F0299E4DA700DD4003 /* Date+.swift */,
				8FDA29F1299E4DA700DD4003 /* UIView+ext.swift */,
				8FF3E5CE299FC67E00D64A0D /* UIButton+ext.swift */,
			);
			path = Extensions;
			sourceTree = "<group>";
		};
		8FDA29F4299E4DB500DD4003 /* Helpers */ = {
			isa = PBXGroup;
			children = (
				8FDA29F5299E4DB500DD4003 /* KeyboardObserver.swift */,
				8FF3E5F529A507AD00D64A0D /* RxHelpers.swift */,
				8FDA29F6299E4DB500DD4003 /* Logger.swift */,
				8FDA29F7299E4DB500DD4003 /* DateFormatter.swift */,
			);
			path = Helpers;
			sourceTree = "<group>";
		};
		8FDA29FB299E4E8F00DD4003 /* BaseClasses */ = {
			isa = PBXGroup;
			children = (
				8FDA29FC299E4E8F00DD4003 /* BaseViewController.swift */,
				8FDA29FD299E4E8F00DD4003 /* BaseViewModel.swift */,
				8FDA29FE299E4E8F00DD4003 /* MainTabbarView.xib */,
				8FDA29FF299E4E8F00DD4003 /* BaseCoordinator.swift */,
				8FDA2A00299E4E8F00DD4003 /* BaseViewFromNib.swift */,
			);
			path = BaseClasses;
			sourceTree = "<group>";
		};
		8FDA2A06299E555E00DD4003 /* Screens */ = {
			isa = PBXGroup;
			children = (
				8F8948032BC2CC130070E699 /* EditMaterial */,
				8F8947F92BC0543D0070E699 /* Authenticate */,
				8FF3E5D629A24E2800D64A0D /* Common */,
				8FDA2A37299FB74B00DD4003 /* MainTabBar */,
				8FDA2A29299FADB900DD4003 /* Learn */,
				8FDA2A23299FAA9000DD4003 /* Stat */,
				8FDA2A07299E559B00DD4003 /* Settings */,
			);
			path = Screens;
			sourceTree = "<group>";
		};
		8FDA2A07299E559B00DD4003 /* Settings */ = {
			isa = PBXGroup;
			children = (
				8FDA2A08299E55ED00DD4003 /* SettingsMainMenu */,
				8FDA2A0F299E6C9400DD4003 /* SettingsCoordinator.swift */,
			);
			path = Settings;
			sourceTree = "<group>";
		};
		8FDA2A08299E55ED00DD4003 /* SettingsMainMenu */ = {
			isa = PBXGroup;
			children = (
				8FDA2A09299E567C00DD4003 /* SettingsMainMenuViewController.swift */,
				8FDA2A0A299E567C00DD4003 /* SettingsMainMenuViewController.xib */,
				8FDA2A0D299E569400DD4003 /* SettingsMainMenuViewModel.swift */,
			);
			path = SettingsMainMenu;
			sourceTree = "<group>";
		};
		8FDA2A23299FAA9000DD4003 /* Stat */ = {
			isa = PBXGroup;
			children = (
				8FDA2A25299FAD9500DD4003 /* StatCoordinator.swift */,
				8FDA2A24299FAAA400DD4003 /* BaseStat */,
			);
			path = Stat;
			sourceTree = "<group>";
		};
		8FDA2A24299FAAA400DD4003 /* BaseStat */ = {
			isa = PBXGroup;
			children = (
				8FDA2A27299FADAA00DD4003 /* BaseStatViewModel.swift */,
				8FDA2A33299FB1BD00DD4003 /* BaseStatViewController.swift */,
				8FDA2A34299FB1BD00DD4003 /* BaseStatViewController.xib */,
			);
			path = BaseStat;
			sourceTree = "<group>";
		};
		8FDA2A29299FADB900DD4003 /* Learn */ = {
			isa = PBXGroup;
			children = (
				8F89487D2BD26D0E0070E699 /* LearnTopic */,
				8F89487C2BD26CF90070E699 /* LearnModule */,
				8F89487B2BD26CCB0070E699 /* LearnModuleList */,
				8FDA2A2A299FADB900DD4003 /* BaseLearn */,
				8FDA2A2C299FADB900DD4003 /* LearnCoordinator.swift */,
			);
			path = Learn;
			sourceTree = "<group>";
		};
		8FDA2A2A299FADB900DD4003 /* BaseLearn */ = {
			isa = PBXGroup;
			children = (
				8FDA2A2B299FADB900DD4003 /* BaseLearnViewModel.swift */,
				8FDA2A2F299FAEBE00DD4003 /* BaseLearnViewController.swift */,
				8FDA2A30299FAEBE00DD4003 /* BaseLearnViewController.xib */,
			);
			path = BaseLearn;
			sourceTree = "<group>";
		};
		8FDA2A37299FB74B00DD4003 /* MainTabBar */ = {
			isa = PBXGroup;
			children = (
				8FDA2A38299FB74B00DD4003 /* MainTabBarViewModel.swift */,
				8FDA2A39299FB74B00DD4003 /* MainTabBarCoordinator.swift */,
			);
			path = MainTabBar;
			sourceTree = "<group>";
		};
		8FF3E5D629A24E2800D64A0D /* Common */ = {
			isa = PBXGroup;
			children = (
				8FF3E5D729A24E3500D64A0D /* UniversalTableView */,
			);
			path = Common;
			sourceTree = "<group>";
		};
		8FF3E5D729A24E3500D64A0D /* UniversalTableView */ = {
			isa = PBXGroup;
			children = (
				8FF3E5D829A24FDD00D64A0D /* UniversalTableViewController.swift */,
				8FF3E5D929A24FDD00D64A0D /* UniversalTableViewController.xib */,
				8FF3E5DC29A2521900D64A0D /* UniversalTableViewModel.swift */,
			);
			path = UniversalTableView;
			sourceTree = "<group>";
		};
		8FF3E5E029A375D300D64A0D /* Models */ = {
			isa = PBXGroup;
			children = (
				8F89485C2BC819830070E699 /* Realm */,
				8F89485B2BC803E20070E699 /* UI */,
				8F89485D2BC81AA40070E699 /* WordPair.swift */,
				8F8948632BC83BED0070E699 /* Topic.swift */,
				8F8948652BC83DE80070E699 /* Module.swift */,
				8F8948612BC8393B0070E699 /* LearnedWord.swift */,
				8F89485F2BC832D60070E699 /* Exercise.swift */,
			);
			path = Models;
			sourceTree = "<group>";
		};
		8FF3E5FD29A764F800D64A0D /* EditWord */ = {
			isa = PBXGroup;
			children = (
				8FF3E5FE29A7655D00D64A0D /* EditWordViewController.swift */,
				8FF3E60229A76DA300D64A0D /* EditWordViewModel.swift */,
				8FF3E5FF29A7655D00D64A0D /* EditWordViewController.xib */,
			);
			path = EditWord;
			sourceTree = "<group>";
		};
		FB68A1162FE42147CDD3C76E /* Pods */ = {
			isa = PBXGroup;
			children = (
				39E3F00D296D5AADDB42B20E /* Pods-LearnWords.debug.xcconfig */,
				BDAF99E192F044DC42D5F440 /* Pods-LearnWords.release.xcconfig */,
			);
			path = Pods;
			sourceTree = "<group>";
		};
/* End PBXGroup section */

/* Begin PBXNativeTarget section */
		8F85B67B299AC16C0097657D /* LearnWords */ = {
			isa = PBXNativeTarget;
			buildConfigurationList = 8F85B690299AC16E0097657D /* Build configuration list for PBXNativeTarget "LearnWords" */;
			buildPhases = (
				862D1083BBFEEA72AF65F857 /* [CP] Check Pods Manifest.lock */,
				8F85B678299AC16C0097657D /* Sources */,
				8F85B679299AC16C0097657D /* Frameworks */,
				8F85B67A299AC16C0097657D /* Resources */,
				C411B63331D84B642BCA5785 /* [CP] Embed Pods Frameworks */,
			);
			buildRules = (
			);
			dependencies = (
			);
			name = LearnWords;
			productName = LearnWords;
			productReference = 8F85B67C299AC16C0097657D /* LearnWords.app */;
			productType = "com.apple.product-type.application";
		};
		8F8948142BC69E5E0070E699 /* LearnWordsTests */ = {
			isa = PBXNativeTarget;
			buildConfigurationList = 8F89481B2BC69E5E0070E699 /* Build configuration list for PBXNativeTarget "LearnWordsTests" */;
			buildPhases = (
				8F8948112BC69E5E0070E699 /* Sources */,
				8F8948122BC69E5E0070E699 /* Frameworks */,
				8F8948132BC69E5E0070E699 /* Resources */,
			);
			buildRules = (
			);
			dependencies = (
				8F89481A2BC69E5E0070E699 /* PBXTargetDependency */,
			);
			name = LearnWordsTests;
			productName = LearnWordsTests;
			productReference = 8F8948152BC69E5E0070E699 /* LearnWordsTests.xctest */;
			productType = "com.apple.product-type.bundle.unit-test";
		};
/* End PBXNativeTarget section */

/* Begin PBXProject section */
		8F85B674299AC16C0097657D /* Project object */ = {
			isa = PBXProject;
			attributes = {
				BuildIndependentTargetsInParallel = 1;
				LastSwiftUpdateCheck = 1530;
				LastUpgradeCheck = 1420;
				TargetAttributes = {
					8F85B67B299AC16C0097657D = {
						CreatedOnToolsVersion = 14.2;
					};
					8F8948142BC69E5E0070E699 = {
						CreatedOnToolsVersion = 15.3;
						TestTargetID = 8F85B67B299AC16C0097657D;
					};
				};
			};
			buildConfigurationList = 8F85B677299AC16C0097657D /* Build configuration list for PBXProject "LearnWords" */;
			compatibilityVersion = "Xcode 14.0";
			developmentRegion = en;
			hasScannedForEncodings = 0;
			knownRegions = (
				en,
				Base,
				uk,
				ru,
				es,
			);
			mainGroup = 8F85B673299AC16C0097657D;
			productRefGroup = 8F85B67D299AC16C0097657D /* Products */;
			projectDirPath = "";
			projectRoot = "";
			targets = (
				8F85B67B299AC16C0097657D /* LearnWords */,
				8F8948142BC69E5E0070E699 /* LearnWordsTests */,
			);
		};
/* End PBXProject section */

/* Begin PBXResourcesBuildPhase section */
		8F85B67A299AC16C0097657D /* Resources */ = {
			isa = PBXResourcesBuildPhase;
			buildActionMask = 2147483647;
			files = (
				8F8947F62BC00F2A0070E699 /* GoogleService-Info.plist in Resources */,
				8FDA2A32299FAEBE00DD4003 /* BaseLearnViewController.xib in Resources */,
				8F85B68C299AC16E0097657D /* LaunchScreen.storyboard in Resources */,
				8FDA2A0C299E567C00DD4003 /* SettingsMainMenuViewController.xib in Resources */,
				8F85B689299AC16E0097657D /* Assets.xcassets in Resources */,
				8FDA2A17299F7D7500DD4003 /* Localizable.strings in Resources */,
				8FF3E5D3299FE64D00D64A0D /* DataTableViewCell.xib in Resources */,
				8FDA2A36299FB1BD00DD4003 /* BaseStatViewController.xib in Resources */,
				8FF3E60129A7655D00D64A0D /* EditWordViewController.xib in Resources */,
				8FDA2A03299E4E8F00DD4003 /* MainTabbarView.xib in Resources */,
				8F89480B2BC30DE00070E699 /* SignUpViewController.xib in Resources */,
				8F85B687299AC16C0097657D /* Main.storyboard in Resources */,
				8FF3E5DB29A24FDD00D64A0D /* UniversalTableViewController.xib in Resources */,
				8F8948002BC0721E0070E699 /* LoginViewController.xib in Resources */,
				8FDA29ED299E4D9A00DD4003 /* PopupViewController.xib in Resources */,
			);
			runOnlyForDeploymentPostprocessing = 0;
		};
		8F8948132BC69E5E0070E699 /* Resources */ = {
			isa = PBXResourcesBuildPhase;
			buildActionMask = 2147483647;
			files = (
			);
			runOnlyForDeploymentPostprocessing = 0;
		};
/* End PBXResourcesBuildPhase section */

/* Begin PBXShellScriptBuildPhase section */
		862D1083BBFEEA72AF65F857 /* [CP] Check Pods Manifest.lock */ = {
			isa = PBXShellScriptBuildPhase;
			buildActionMask = 2147483647;
			files = (
			);
			inputFileListPaths = (
			);
			inputPaths = (
				"${PODS_PODFILE_DIR_PATH}/Podfile.lock",
				"${PODS_ROOT}/Manifest.lock",
			);
			name = "[CP] Check Pods Manifest.lock";
			outputFileListPaths = (
			);
			outputPaths = (
				"$(DERIVED_FILE_DIR)/Pods-LearnWords-checkManifestLockResult.txt",
			);
			runOnlyForDeploymentPostprocessing = 0;
			shellPath = /bin/sh;
			shellScript = "diff \"${PODS_PODFILE_DIR_PATH}/Podfile.lock\" \"${PODS_ROOT}/Manifest.lock\" > /dev/null\nif [ $? != 0 ] ; then\n    # print error to STDERR\n    echo \"error: The sandbox is not in sync with the Podfile.lock. Run 'pod install' or update your CocoaPods installation.\" >&2\n    exit 1\nfi\n# This output is used by Xcode 'outputs' to avoid re-running this script phase.\necho \"SUCCESS\" > \"${SCRIPT_OUTPUT_FILE_0}\"\n";
			showEnvVarsInLog = 0;
		};
		C411B63331D84B642BCA5785 /* [CP] Embed Pods Frameworks */ = {
			isa = PBXShellScriptBuildPhase;
			buildActionMask = 2147483647;
			files = (
			);
			inputFileListPaths = (
				"${PODS_ROOT}/Target Support Files/Pods-LearnWords/Pods-LearnWords-frameworks-${CONFIGURATION}-input-files.xcfilelist",
			);
			name = "[CP] Embed Pods Frameworks";
			outputFileListPaths = (
				"${PODS_ROOT}/Target Support Files/Pods-LearnWords/Pods-LearnWords-frameworks-${CONFIGURATION}-output-files.xcfilelist",
			);
			runOnlyForDeploymentPostprocessing = 0;
			shellPath = /bin/sh;
			shellScript = "\"${PODS_ROOT}/Target Support Files/Pods-LearnWords/Pods-LearnWords-frameworks.sh\"\n";
			showEnvVarsInLog = 0;
		};
/* End PBXShellScriptBuildPhase section */

/* Begin PBXSourcesBuildPhase section */
		8F85B678299AC16C0097657D /* Sources */ = {
			isa = PBXSourcesBuildPhase;
			buildActionMask = 2147483647;
			files = (
				8FDA2A0E299E569400DD4003 /* SettingsMainMenuViewModel.swift in Sources */,
				8F8948642BC83BED0070E699 /* Topic.swift in Sources */,
				8F8948102BC328490070E699 /* AuthManager.swift in Sources */,
				8F89485E2BC81AA40070E699 /* WordPair.swift in Sources */,
				8FDA29FA299E4DB500DD4003 /* DateFormatter.swift in Sources */,
				8FDA2A26299FAD9500DD4003 /* StatCoordinator.swift in Sources */,
				8F8948662BC83DE80070E699 /* Module.swift in Sources */,
				8FF3E5F429A4FBAB00D64A0D /* ModelModule_realm.swift in Sources */,
				8FDA2A02299E4E8F00DD4003 /* BaseViewModel.swift in Sources */,
				8FDA29F3299E4DA800DD4003 /* UIView+ext.swift in Sources */,
				8F89480A2BC30DE00070E699 /* SignUpViewController.swift in Sources */,
				8FF3E5D529A239AC00D64A0D /* UICheckbox.swift in Sources */,
				8FDA2A28299FADAA00DD4003 /* BaseStatViewModel.swift in Sources */,
				8F8948022BC07B5C0070E699 /* LoginViewModel.swift in Sources */,
				8FF3E5DA29A24FDD00D64A0D /* UniversalTableViewController.swift in Sources */,
				8F8948602BC832D60070E699 /* Exercise.swift in Sources */,
				8FF3E5E429A43C0400D64A0D /* CustomTextField.swift in Sources */,
				8F8948682BC847E60070E699 /* DataManager.swift in Sources */,
				8FF3E5F029A4DE6400D64A0D /* ModelLearnedWord_realm.swift in Sources */,
				8FF3E60529AAD0BD00D64A0D /* CustomTextView.swift in Sources */,
				8FDA2A05299E4E8F00DD4003 /* BaseViewFromNib.swift in Sources */,
				8FDA2A2D299FADB900DD4003 /* BaseLearnViewModel.swift in Sources */,
				8FF3E5F229A4F97700D64A0D /* ModelTopic_realm.swift in Sources */,
				8FF3E5DD29A2521900D64A0D /* UniversalTableViewModel.swift in Sources */,
				8FDA2A3A299FB74B00DD4003 /* MainTabBarViewModel.swift in Sources */,
				8FF3E5CF299FC67E00D64A0D /* UIButton+ext.swift in Sources */,
				8FDA2A3B299FB74B00DD4003 /* MainTabBarCoordinator.swift in Sources */,
				8FDA2A2E299FADBA00DD4003 /* LearnCoordinator.swift in Sources */,
				8FDA29F8299E4DB500DD4003 /* KeyboardObserver.swift in Sources */,
				8F8948622BC8393B0070E699 /* LearnedWord.swift in Sources */,
				8FF3E5DF29A2633500D64A0D /* EditModuleListViewModel.swift in Sources */,
				8FF3E5E629A43CE400D64A0D /* UIColor+ext.swift in Sources */,
				8F85B680299AC16C0097657D /* AppDelegate.swift in Sources */,
				8F8947FC2BC071390070E699 /* AutenticateCoordinator.swift in Sources */,
				8FF3E5EC29A4D9A100D64A0D /* ModelWordPair_realm.swift in Sources */,
				8FDA2A0B299E567C00DD4003 /* SettingsMainMenuViewController.swift in Sources */,
				8FDA2A10299E6C9400DD4003 /* SettingsCoordinator.swift in Sources */,
				8FF3E5EA29A4CC6200D64A0D /* EditModuleViewModel.swift in Sources */,
				8FF3E5FA29A64E8600D64A0D /* LearnModuleViewModel.swift in Sources */,
				8F8947FF2BC0721E0070E699 /* LoginViewController.swift in Sources */,
				8F8948052BC2D0AE0070E699 /* EditMaterialCoordinator.swift in Sources */,
				8FF3E5FC29A672BB00D64A0D /* EditTopicViewModel.swift in Sources */,
				8FDA2A12299E7C4E00DD4003 /* UIViewController+ext.swift in Sources */,
				8FF3E60029A7655D00D64A0D /* EditWordViewController.swift in Sources */,
				8FF3E5F829A645B900D64A0D /* LearnModulesListViewModel.swift in Sources */,
				8FF3E5E229A3773500D64A0D /* ModelTableViewCell.swift in Sources */,
				8FDA2A01299E4E8F00DD4003 /* BaseViewController.swift in Sources */,
				8F89487A2BCD91760070E699 /* MockDataManager.swift in Sources */,
				8FF3E60329A76DA300D64A0D /* EditWordViewModel.swift in Sources */,
				8FF3E5F629A507AD00D64A0D /* RxHelpers.swift in Sources */,
				8F89480D2BC30DFA0070E699 /* SignUpViewModel.swift in Sources */,
				8FF3E5D2299FE64D00D64A0D /* DataTableViewCell.swift in Sources */,
				8FDA2A04299E4E8F00DD4003 /* BaseCoordinator.swift in Sources */,
				8FDA29F2299E4DA800DD4003 /* Date+.swift in Sources */,
				8F8948722BCC311B0070E699 /* RealmDataManager.swift in Sources */,
				8FDA2A35299FB1BD00DD4003 /* BaseStatViewController.swift in Sources */,
				8F85B682299AC16C0097657D /* SceneDelegate.swift in Sources */,
				8FDA29EE299E4D9A00DD4003 /* PopupViewController.swift in Sources */,
				8FDA2A31299FAEBE00DD4003 /* BaseLearnViewController.swift in Sources */,
				8FF3E5EE29A4DB4F00D64A0D /* ModelExercise_realm.swift in Sources */,
				8FDA29F9299E4DB500DD4003 /* Logger.swift in Sources */,
				8FDA2A3D299FBDD600DD4003 /* String+localization.swift in Sources */,
				8FF3E5E829A43DAE00D64A0D /* UITextField+ext.swift in Sources */,
				8FF3E60729AD608500D64A0D /* LearnTopicViewModel.swift in Sources */,
			);
			runOnlyForDeploymentPostprocessing = 0;
		};
		8F8948112BC69E5E0070E699 /* Sources */ = {
			isa = PBXSourcesBuildPhase;
			buildActionMask = 2147483647;
			files = (
				8F8948182BC69E5E0070E699 /* UIButtonExtTest.swift in Sources */,
				8F89486F2BC862ED0070E699 /* DataManagerTests.swift in Sources */,
				8F89486D2BC858FC0070E699 /* MockAuthManager.swift in Sources */,
				8F8948792BCC7FDE0070E699 /* ModelsRealmConverting.swift in Sources */,
			);
			runOnlyForDeploymentPostprocessing = 0;
		};
/* End PBXSourcesBuildPhase section */

/* Begin PBXTargetDependency section */
		8F89481A2BC69E5E0070E699 /* PBXTargetDependency */ = {
			isa = PBXTargetDependency;
			target = 8F85B67B299AC16C0097657D /* LearnWords */;
			targetProxy = 8F8948192BC69E5E0070E699 /* PBXContainerItemProxy */;
		};
/* End PBXTargetDependency section */

/* Begin PBXVariantGroup section */
		8F85B685299AC16C0097657D /* Main.storyboard */ = {
			isa = PBXVariantGroup;
			children = (
				8F85B686299AC16C0097657D /* Base */,
				8FDA2A1A299F7D8F00DD4003 /* uk */,
				8FDA2A1D299F7DA700DD4003 /* ru */,
				8FDA2A20299F7DB900DD4003 /* es */,
			);
			name = Main.storyboard;
			sourceTree = "<group>";
		};
		8F85B68A299AC16E0097657D /* LaunchScreen.storyboard */ = {
			isa = PBXVariantGroup;
			children = (
				8F85B68B299AC16E0097657D /* Base */,
				8FDA2A1B299F7D8F00DD4003 /* uk */,
				8FDA2A1E299F7DA700DD4003 /* ru */,
				8FDA2A21299F7DB900DD4003 /* es */,
			);
			name = LaunchScreen.storyboard;
			sourceTree = "<group>";
		};
		8FDA2A19299F7D7500DD4003 /* Localizable.strings */ = {
			isa = PBXVariantGroup;
			children = (
				8FDA2A18299F7D7500DD4003 /* en */,
				8FDA2A1C299F7D8F00DD4003 /* uk */,
				8FDA2A1F299F7DA700DD4003 /* ru */,
				8FDA2A22299F7DB900DD4003 /* es */,
			);
			name = Localizable.strings;
			sourceTree = "<group>";
		};
/* End PBXVariantGroup section */

/* Begin XCBuildConfiguration section */
		8F85B68E299AC16E0097657D /* Debug */ = {
			isa = XCBuildConfiguration;
			buildSettings = {
				ALWAYS_SEARCH_USER_PATHS = NO;
				CLANG_ANALYZER_LOCALIZABILITY_NONLOCALIZED = YES;
				CLANG_ANALYZER_NONNULL = YES;
				CLANG_ANALYZER_NUMBER_OBJECT_CONVERSION = YES_AGGRESSIVE;
				CLANG_CXX_LANGUAGE_STANDARD = "gnu++20";
				CLANG_ENABLE_MODULES = YES;
				CLANG_ENABLE_OBJC_ARC = YES;
				CLANG_ENABLE_OBJC_WEAK = YES;
				CLANG_WARN_BLOCK_CAPTURE_AUTORELEASING = YES;
				CLANG_WARN_BOOL_CONVERSION = YES;
				CLANG_WARN_COMMA = YES;
				CLANG_WARN_CONSTANT_CONVERSION = YES;
				CLANG_WARN_DEPRECATED_OBJC_IMPLEMENTATIONS = YES;
				CLANG_WARN_DIRECT_OBJC_ISA_USAGE = YES_ERROR;
				CLANG_WARN_DOCUMENTATION_COMMENTS = YES;
				CLANG_WARN_EMPTY_BODY = YES;
				CLANG_WARN_ENUM_CONVERSION = YES;
				CLANG_WARN_INFINITE_RECURSION = YES;
				CLANG_WARN_INT_CONVERSION = YES;
				CLANG_WARN_NON_LITERAL_NULL_CONVERSION = YES;
				CLANG_WARN_OBJC_IMPLICIT_RETAIN_SELF = YES;
				CLANG_WARN_OBJC_LITERAL_CONVERSION = YES;
				CLANG_WARN_OBJC_ROOT_CLASS = YES_ERROR;
				CLANG_WARN_QUOTED_INCLUDE_IN_FRAMEWORK_HEADER = YES;
				CLANG_WARN_RANGE_LOOP_ANALYSIS = YES;
				CLANG_WARN_STRICT_PROTOTYPES = YES;
				CLANG_WARN_SUSPICIOUS_MOVE = YES;
				CLANG_WARN_UNGUARDED_AVAILABILITY = YES_AGGRESSIVE;
				CLANG_WARN_UNREACHABLE_CODE = YES;
				CLANG_WARN__DUPLICATE_METHOD_MATCH = YES;
				COPY_PHASE_STRIP = NO;
				DEBUG_INFORMATION_FORMAT = dwarf;
				ENABLE_STRICT_OBJC_MSGSEND = YES;
				ENABLE_TESTABILITY = YES;
				GCC_C_LANGUAGE_STANDARD = gnu11;
				GCC_DYNAMIC_NO_PIC = NO;
				GCC_NO_COMMON_BLOCKS = YES;
				GCC_OPTIMIZATION_LEVEL = 0;
				GCC_PREPROCESSOR_DEFINITIONS = (
					"DEBUG=1",
					"$(inherited)",
				);
				GCC_WARN_64_TO_32_BIT_CONVERSION = YES;
				GCC_WARN_ABOUT_RETURN_TYPE = YES_ERROR;
				GCC_WARN_UNDECLARED_SELECTOR = YES;
				GCC_WARN_UNINITIALIZED_AUTOS = YES_AGGRESSIVE;
				GCC_WARN_UNUSED_FUNCTION = YES;
				GCC_WARN_UNUSED_VARIABLE = YES;
				IPHONEOS_DEPLOYMENT_TARGET = 16.2;
				MTL_ENABLE_DEBUG_INFO = INCLUDE_SOURCE;
				MTL_FAST_MATH = YES;
				ONLY_ACTIVE_ARCH = YES;
				SDKROOT = iphoneos;
				SWIFT_ACTIVE_COMPILATION_CONDITIONS = DEBUG;
				SWIFT_OPTIMIZATION_LEVEL = "-Onone";
			};
			name = Debug;
		};
		8F85B68F299AC16E0097657D /* Release */ = {
			isa = XCBuildConfiguration;
			buildSettings = {
				ALWAYS_SEARCH_USER_PATHS = NO;
				CLANG_ANALYZER_LOCALIZABILITY_NONLOCALIZED = YES;
				CLANG_ANALYZER_NONNULL = YES;
				CLANG_ANALYZER_NUMBER_OBJECT_CONVERSION = YES_AGGRESSIVE;
				CLANG_CXX_LANGUAGE_STANDARD = "gnu++20";
				CLANG_ENABLE_MODULES = YES;
				CLANG_ENABLE_OBJC_ARC = YES;
				CLANG_ENABLE_OBJC_WEAK = YES;
				CLANG_WARN_BLOCK_CAPTURE_AUTORELEASING = YES;
				CLANG_WARN_BOOL_CONVERSION = YES;
				CLANG_WARN_COMMA = YES;
				CLANG_WARN_CONSTANT_CONVERSION = YES;
				CLANG_WARN_DEPRECATED_OBJC_IMPLEMENTATIONS = YES;
				CLANG_WARN_DIRECT_OBJC_ISA_USAGE = YES_ERROR;
				CLANG_WARN_DOCUMENTATION_COMMENTS = YES;
				CLANG_WARN_EMPTY_BODY = YES;
				CLANG_WARN_ENUM_CONVERSION = YES;
				CLANG_WARN_INFINITE_RECURSION = YES;
				CLANG_WARN_INT_CONVERSION = YES;
				CLANG_WARN_NON_LITERAL_NULL_CONVERSION = YES;
				CLANG_WARN_OBJC_IMPLICIT_RETAIN_SELF = YES;
				CLANG_WARN_OBJC_LITERAL_CONVERSION = YES;
				CLANG_WARN_OBJC_ROOT_CLASS = YES_ERROR;
				CLANG_WARN_QUOTED_INCLUDE_IN_FRAMEWORK_HEADER = YES;
				CLANG_WARN_RANGE_LOOP_ANALYSIS = YES;
				CLANG_WARN_STRICT_PROTOTYPES = YES;
				CLANG_WARN_SUSPICIOUS_MOVE = YES;
				CLANG_WARN_UNGUARDED_AVAILABILITY = YES_AGGRESSIVE;
				CLANG_WARN_UNREACHABLE_CODE = YES;
				CLANG_WARN__DUPLICATE_METHOD_MATCH = YES;
				COPY_PHASE_STRIP = NO;
				DEBUG_INFORMATION_FORMAT = "dwarf-with-dsym";
				ENABLE_NS_ASSERTIONS = NO;
				ENABLE_STRICT_OBJC_MSGSEND = YES;
				GCC_C_LANGUAGE_STANDARD = gnu11;
				GCC_NO_COMMON_BLOCKS = YES;
				GCC_WARN_64_TO_32_BIT_CONVERSION = YES;
				GCC_WARN_ABOUT_RETURN_TYPE = YES_ERROR;
				GCC_WARN_UNDECLARED_SELECTOR = YES;
				GCC_WARN_UNINITIALIZED_AUTOS = YES_AGGRESSIVE;
				GCC_WARN_UNUSED_FUNCTION = YES;
				GCC_WARN_UNUSED_VARIABLE = YES;
				IPHONEOS_DEPLOYMENT_TARGET = 16.2;
				MTL_ENABLE_DEBUG_INFO = NO;
				MTL_FAST_MATH = YES;
				SDKROOT = iphoneos;
				SWIFT_COMPILATION_MODE = wholemodule;
				SWIFT_OPTIMIZATION_LEVEL = "-O";
				VALIDATE_PRODUCT = YES;
			};
			name = Release;
		};
		8F85B691299AC16E0097657D /* Debug */ = {
			isa = XCBuildConfiguration;
			baseConfigurationReference = 39E3F00D296D5AADDB42B20E /* Pods-LearnWords.debug.xcconfig */;
			buildSettings = {
				ASSETCATALOG_COMPILER_APPICON_NAME = AppIcon;
				ASSETCATALOG_COMPILER_GLOBAL_ACCENT_COLOR_NAME = AccentColor;
				CODE_SIGN_STYLE = Automatic;
				CURRENT_PROJECT_VERSION = 1;
				DEVELOPMENT_TEAM = 7C8K3NAH2H;
				GENERATE_INFOPLIST_FILE = YES;
				INFOPLIST_FILE = LearnWords/Resources/Info.plist;
				INFOPLIST_KEY_UIApplicationSupportsIndirectInputEvents = YES;
				INFOPLIST_KEY_UILaunchStoryboardName = LaunchScreen;
				INFOPLIST_KEY_UIMainStoryboardFile = Main;
				INFOPLIST_KEY_UISupportedInterfaceOrientations_iPad = "UIInterfaceOrientationPortrait UIInterfaceOrientationPortraitUpsideDown UIInterfaceOrientationLandscapeLeft UIInterfaceOrientationLandscapeRight";
				INFOPLIST_KEY_UISupportedInterfaceOrientations_iPhone = "UIInterfaceOrientationPortrait UIInterfaceOrientationLandscapeLeft UIInterfaceOrientationLandscapeRight";
				LD_RUNPATH_SEARCH_PATHS = (
					"$(inherited)",
					"@executable_path/Frameworks",
				);
				MARKETING_VERSION = 1.0;
				PRODUCT_BUNDLE_IDENTIFIER = sergemi.LearnWords;
				PRODUCT_NAME = "$(TARGET_NAME)";
				SWIFT_EMIT_LOC_STRINGS = YES;
				SWIFT_VERSION = 5.0;
				TARGETED_DEVICE_FAMILY = "1,2";
			};
			name = Debug;
		};
		8F85B692299AC16E0097657D /* Release */ = {
			isa = XCBuildConfiguration;
			baseConfigurationReference = BDAF99E192F044DC42D5F440 /* Pods-LearnWords.release.xcconfig */;
			buildSettings = {
				ASSETCATALOG_COMPILER_APPICON_NAME = AppIcon;
				ASSETCATALOG_COMPILER_GLOBAL_ACCENT_COLOR_NAME = AccentColor;
				CODE_SIGN_STYLE = Automatic;
				CURRENT_PROJECT_VERSION = 1;
				DEVELOPMENT_TEAM = 7C8K3NAH2H;
				GENERATE_INFOPLIST_FILE = YES;
				INFOPLIST_FILE = LearnWords/Resources/Info.plist;
				INFOPLIST_KEY_UIApplicationSupportsIndirectInputEvents = YES;
				INFOPLIST_KEY_UILaunchStoryboardName = LaunchScreen;
				INFOPLIST_KEY_UIMainStoryboardFile = Main;
				INFOPLIST_KEY_UISupportedInterfaceOrientations_iPad = "UIInterfaceOrientationPortrait UIInterfaceOrientationPortraitUpsideDown UIInterfaceOrientationLandscapeLeft UIInterfaceOrientationLandscapeRight";
				INFOPLIST_KEY_UISupportedInterfaceOrientations_iPhone = "UIInterfaceOrientationPortrait UIInterfaceOrientationLandscapeLeft UIInterfaceOrientationLandscapeRight";
				LD_RUNPATH_SEARCH_PATHS = (
					"$(inherited)",
					"@executable_path/Frameworks",
				);
				MARKETING_VERSION = 1.0;
				PRODUCT_BUNDLE_IDENTIFIER = sergemi.LearnWords;
				PRODUCT_NAME = "$(TARGET_NAME)";
				SWIFT_EMIT_LOC_STRINGS = YES;
				SWIFT_VERSION = 5.0;
				TARGETED_DEVICE_FAMILY = "1,2";
			};
			name = Release;
		};
		8F89481C2BC69E5E0070E699 /* Debug */ = {
			isa = XCBuildConfiguration;
			buildSettings = {
				ASSETCATALOG_COMPILER_GENERATE_SWIFT_ASSET_SYMBOL_EXTENSIONS = YES;
				BUNDLE_LOADER = "$(TEST_HOST)";
				CODE_SIGN_STYLE = Automatic;
				CURRENT_PROJECT_VERSION = 1;
				ENABLE_USER_SCRIPT_SANDBOXING = YES;
				GCC_C_LANGUAGE_STANDARD = gnu17;
				GENERATE_INFOPLIST_FILE = YES;
				IPHONEOS_DEPLOYMENT_TARGET = 17.4;
				LOCALIZATION_PREFERS_STRING_CATALOGS = YES;
				MARKETING_VERSION = 1.0;
				PRODUCT_BUNDLE_IDENTIFIER = sergemi.LearnWordsTests;
				PRODUCT_NAME = "$(TARGET_NAME)";
				SWIFT_ACTIVE_COMPILATION_CONDITIONS = "DEBUG $(inherited)";
				SWIFT_EMIT_LOC_STRINGS = NO;
				SWIFT_VERSION = 5.0;
				TARGETED_DEVICE_FAMILY = "1,2";
				TEST_HOST = "$(BUILT_PRODUCTS_DIR)/LearnWords.app/$(BUNDLE_EXECUTABLE_FOLDER_PATH)/LearnWords";
			};
			name = Debug;
		};
		8F89481D2BC69E5E0070E699 /* Release */ = {
			isa = XCBuildConfiguration;
			buildSettings = {
				ASSETCATALOG_COMPILER_GENERATE_SWIFT_ASSET_SYMBOL_EXTENSIONS = YES;
				BUNDLE_LOADER = "$(TEST_HOST)";
				CODE_SIGN_STYLE = Automatic;
				CURRENT_PROJECT_VERSION = 1;
				ENABLE_USER_SCRIPT_SANDBOXING = YES;
				GCC_C_LANGUAGE_STANDARD = gnu17;
				GENERATE_INFOPLIST_FILE = YES;
				IPHONEOS_DEPLOYMENT_TARGET = 17.4;
				LOCALIZATION_PREFERS_STRING_CATALOGS = YES;
				MARKETING_VERSION = 1.0;
				PRODUCT_BUNDLE_IDENTIFIER = sergemi.LearnWordsTests;
				PRODUCT_NAME = "$(TARGET_NAME)";
				SWIFT_EMIT_LOC_STRINGS = NO;
				SWIFT_VERSION = 5.0;
				TARGETED_DEVICE_FAMILY = "1,2";
				TEST_HOST = "$(BUILT_PRODUCTS_DIR)/LearnWords.app/$(BUNDLE_EXECUTABLE_FOLDER_PATH)/LearnWords";
			};
			name = Release;
		};
/* End XCBuildConfiguration section */

/* Begin XCConfigurationList section */
		8F85B677299AC16C0097657D /* Build configuration list for PBXProject "LearnWords" */ = {
			isa = XCConfigurationList;
			buildConfigurations = (
				8F85B68E299AC16E0097657D /* Debug */,
				8F85B68F299AC16E0097657D /* Release */,
			);
			defaultConfigurationIsVisible = 0;
			defaultConfigurationName = Release;
		};
		8F85B690299AC16E0097657D /* Build configuration list for PBXNativeTarget "LearnWords" */ = {
			isa = XCConfigurationList;
			buildConfigurations = (
				8F85B691299AC16E0097657D /* Debug */,
				8F85B692299AC16E0097657D /* Release */,
			);
			defaultConfigurationIsVisible = 0;
			defaultConfigurationName = Release;
		};
		8F89481B2BC69E5E0070E699 /* Build configuration list for PBXNativeTarget "LearnWordsTests" */ = {
			isa = XCConfigurationList;
			buildConfigurations = (
				8F89481C2BC69E5E0070E699 /* Debug */,
				8F89481D2BC69E5E0070E699 /* Release */,
			);
			defaultConfigurationIsVisible = 0;
			defaultConfigurationName = Release;
		};
/* End XCConfigurationList section */
	};
	rootObject = 8F85B674299AC16C0097657D /* Project object */;
}
