// !$*UTF8*$!
{
	archiveVersion = 1;
	classes = {
	};
	objectVersion = 56;
	objects = {

/* Begin PBXBuildFile section */
		1761131D62D7AB43F88939AB /* Pods_LearnWords.framework in Frameworks */ = {isa = PBXBuildFile; fileRef = FD94A19289068F6A6A3AB6AE /* Pods_LearnWords.framework */; };
		8F85B680299AC16C0097657D /* AppDelegate.swift in Sources */ = {isa = PBXBuildFile; fileRef = 8F85B67F299AC16C0097657D /* AppDelegate.swift */; };
		8F85B682299AC16C0097657D /* SceneDelegate.swift in Sources */ = {isa = PBXBuildFile; fileRef = 8F85B681299AC16C0097657D /* SceneDelegate.swift */; };
		8F85B684299AC16C0097657D /* ViewController.swift in Sources */ = {isa = PBXBuildFile; fileRef = 8F85B683299AC16C0097657D /* ViewController.swift */; };
		8F85B687299AC16C0097657D /* Main.storyboard in Resources */ = {isa = PBXBuildFile; fileRef = 8F85B685299AC16C0097657D /* Main.storyboard */; };
		8F85B689299AC16E0097657D /* Assets.xcassets in Resources */ = {isa = PBXBuildFile; fileRef = 8F85B688299AC16E0097657D /* Assets.xcassets */; };
		8F85B68C299AC16E0097657D /* LaunchScreen.storyboard in Resources */ = {isa = PBXBuildFile; fileRef = 8F85B68A299AC16E0097657D /* LaunchScreen.storyboard */; };
/* End PBXBuildFile section */

/* Begin PBXFileReference section */
		39E3F00D296D5AADDB42B20E /* Pods-LearnWords.debug.xcconfig */ = {isa = PBXFileReference; includeInIndex = 1; lastKnownFileType = text.xcconfig; name = "Pods-LearnWords.debug.xcconfig"; path = "Target Support Files/Pods-LearnWords/Pods-LearnWords.debug.xcconfig"; sourceTree = "<group>"; };
		8F85B67C299AC16C0097657D /* LearnWords.app */ = {isa = PBXFileReference; explicitFileType = wrapper.application; includeInIndex = 0; path = LearnWords.app; sourceTree = BUILT_PRODUCTS_DIR; };
		8F85B67F299AC16C0097657D /* AppDelegate.swift */ = {isa = PBXFileReference; lastKnownFileType = sourcecode.swift; path = AppDelegate.swift; sourceTree = "<group>"; };
		8F85B681299AC16C0097657D /* SceneDelegate.swift */ = {isa = PBXFileReference; lastKnownFileType = sourcecode.swift; path = SceneDelegate.swift; sourceTree = "<group>"; };
		8F85B683299AC16C0097657D /* ViewController.swift */ = {isa = PBXFileReference; lastKnownFileType = sourcecode.swift; path = ViewController.swift; sourceTree = "<group>"; };
		8F85B686299AC16C0097657D /* Base */ = {isa = PBXFileReference; lastKnownFileType = file.storyboard; name = Base; path = Base.lproj/Main.storyboard; sourceTree = "<group>"; };
		8F85B688299AC16E0097657D /* Assets.xcassets */ = {isa = PBXFileReference; lastKnownFileType = folder.assetcatalog; path = Assets.xcassets; sourceTree = "<group>"; };
		8F85B68B299AC16E0097657D /* Base */ = {isa = PBXFileReference; lastKnownFileType = file.storyboard; name = Base; path = Base.lproj/LaunchScreen.storyboard; sourceTree = "<group>"; };
		8F85B68D299AC16E0097657D /* Info.plist */ = {isa = PBXFileReference; lastKnownFileType = text.plist.xml; path = Info.plist; sourceTree = "<group>"; };
		BDAF99E192F044DC42D5F440 /* Pods-LearnWords.release.xcconfig */ = {isa = PBXFileReference; includeInIndex = 1; lastKnownFileType = text.xcconfig; name = "Pods-LearnWords.release.xcconfig"; path = "Target Support Files/Pods-LearnWords/Pods-LearnWords.release.xcconfig"; sourceTree = "<group>"; };
		FD94A19289068F6A6A3AB6AE /* Pods_LearnWords.framework */ = {isa = PBXFileReference; explicitFileType = wrapper.framework; includeInIndex = 0; path = Pods_LearnWords.framework; sourceTree = BUILT_PRODUCTS_DIR; };
/* End PBXFileReference section */

/* Begin PBXFrameworksBuildPhase section */
		8F85B679299AC16C0097657D /* Frameworks */ = {
			isa = PBXFrameworksBuildPhase;
			buildActionMask = 2147483647;
			files = (
				1761131D62D7AB43F88939AB /* Pods_LearnWords.framework in Frameworks */,
			);
			runOnlyForDeploymentPostprocessing = 0;
		};
/* End PBXFrameworksBuildPhase section */

/* Begin PBXGroup section */
		375B5EDC503EF01E17D75AA8 /* Frameworks */ = {
			isa = PBXGroup;
			children = (
				FD94A19289068F6A6A3AB6AE /* Pods_LearnWords.framework */,
			);
			name = Frameworks;
			sourceTree = "<group>";
		};
		8F85B673299AC16C0097657D = {
			isa = PBXGroup;
			children = (
				8F85B67E299AC16C0097657D /* LearnWords */,
				8F85B67D299AC16C0097657D /* Products */,
				FB68A1162FE42147CDD3C76E /* Pods */,
				375B5EDC503EF01E17D75AA8 /* Frameworks */,
			);
			sourceTree = "<group>";
		};
		8F85B67D299AC16C0097657D /* Products */ = {
			isa = PBXGroup;
			children = (
				8F85B67C299AC16C0097657D /* LearnWords.app */,
			);
			name = Products;
			sourceTree = "<group>";
		};
		8F85B67E299AC16C0097657D /* LearnWords */ = {
			isa = PBXGroup;
			children = (
				8F85B67F299AC16C0097657D /* AppDelegate.swift */,
				8F85B681299AC16C0097657D /* SceneDelegate.swift */,
				8F85B683299AC16C0097657D /* ViewController.swift */,
				8F85B685299AC16C0097657D /* Main.storyboard */,
				8F85B688299AC16E0097657D /* Assets.xcassets */,
				8F85B68A299AC16E0097657D /* LaunchScreen.storyboard */,
				8F85B68D299AC16E0097657D /* Info.plist */,
			);
			path = LearnWords;
			sourceTree = "<group>";
		};
		FB68A1162FE42147CDD3C76E /* Pods */ = {
			isa = PBXGroup;
			children = (
				39E3F00D296D5AADDB42B20E /* Pods-LearnWords.debug.xcconfig */,
				BDAF99E192F044DC42D5F440 /* Pods-LearnWords.release.xcconfig */,
			);
			name = Pods;
			path = Pods;
			sourceTree = "<group>";
		};
/* End PBXGroup section */

/* Begin PBXNativeTarget section */
		8F85B67B299AC16C0097657D /* LearnWords */ = {
			isa = PBXNativeTarget;
			buildConfigurationList = 8F85B690299AC16E0097657D /* Build configuration list for PBXNativeTarget "LearnWords" */;
			buildPhases = (
				862D1083BBFEEA72AF65F857 /* [CP] Check Pods Manifest.lock */,
				8F85B678299AC16C0097657D /* Sources */,
				8F85B679299AC16C0097657D /* Frameworks */,
				8F85B67A299AC16C0097657D /* Resources */,
				C411B63331D84B642BCA5785 /* [CP] Embed Pods Frameworks */,
			);
			buildRules = (
			);
			dependencies = (
			);
			name = LearnWords;
			productName = LearnWords;
			productReference = 8F85B67C299AC16C0097657D /* LearnWords.app */;
			productType = "com.apple.product-type.application";
		};
/* End PBXNativeTarget section */

/* Begin PBXProject section */
		8F85B674299AC16C0097657D /* Project object */ = {
			isa = PBXProject;
			attributes = {
				BuildIndependentTargetsInParallel = 1;
				LastSwiftUpdateCheck = 1420;
				LastUpgradeCheck = 1420;
				TargetAttributes = {
					8F85B67B299AC16C0097657D = {
						CreatedOnToolsVersion = 14.2;
					};
				};
			};
			buildConfigurationList = 8F85B677299AC16C0097657D /* Build configuration list for PBXProject "LearnWords" */;
			compatibilityVersion = "Xcode 14.0";
			developmentRegion = en;
			hasScannedForEncodings = 0;
			knownRegions = (
				en,
				Base,
			);
			mainGroup = 8F85B673299AC16C0097657D;
			productRefGroup = 8F85B67D299AC16C0097657D /* Products */;
			projectDirPath = "";
			projectRoot = "";
			targets = (
				8F85B67B299AC16C0097657D /* LearnWords */,
			);
		};
/* End PBXProject section */

/* Begin PBXResourcesBuildPhase section */
		8F85B67A299AC16C0097657D /* Resources */ = {
			isa = PBXResourcesBuildPhase;
			buildActionMask = 2147483647;
			files = (
				8F85B68C299AC16E0097657D /* LaunchScreen.storyboard in Resources */,
				8F85B689299AC16E0097657D /* Assets.xcassets in Resources */,
				8F85B687299AC16C0097657D /* Main.storyboard in Resources */,
			);
			runOnlyForDeploymentPostprocessing = 0;
		};
/* End PBXResourcesBuildPhase section */

/* Begin PBXShellScriptBuildPhase section */
		862D1083BBFEEA72AF65F857 /* [CP] Check Pods Manifest.lock */ = {
			isa = PBXShellScriptBuildPhase;
			buildActionMask = 2147483647;
			files = (
			);
			inputFileListPaths = (
			);
			inputPaths = (
				"${PODS_PODFILE_DIR_PATH}/Podfile.lock",
				"${PODS_ROOT}/Manifest.lock",
			);
			name = "[CP] Check Pods Manifest.lock";
			outputFileListPaths = (
			);
			outputPaths = (
				"$(DERIVED_FILE_DIR)/Pods-LearnWords-checkManifestLockResult.txt",
			);
			runOnlyForDeploymentPostprocessing = 0;
			shellPath = /bin/sh;
			shellScript = "diff \"${PODS_PODFILE_DIR_PATH}/Podfile.lock\" \"${PODS_ROOT}/Manifest.lock\" > /dev/null\nif [ $? != 0 ] ; then\n    # print error to STDERR\n    echo \"error: The sandbox is not in sync with the Podfile.lock. Run 'pod install' or update your CocoaPods installation.\" >&2\n    exit 1\nfi\n# This output is used by Xcode 'outputs' to avoid re-running this script phase.\necho \"SUCCESS\" > \"${SCRIPT_OUTPUT_FILE_0}\"\n";
			showEnvVarsInLog = 0;
		};
		C411B63331D84B642BCA5785 /* [CP] Embed Pods Frameworks */ = {
			isa = PBXShellScriptBuildPhase;
			buildActionMask = 2147483647;
			files = (
			);
			inputFileListPaths = (
				"${PODS_ROOT}/Target Support Files/Pods-LearnWords/Pods-LearnWords-frameworks-${CONFIGURATION}-input-files.xcfilelist",
			);
			name = "[CP] Embed Pods Frameworks";
			outputFileListPaths = (
				"${PODS_ROOT}/Target Support Files/Pods-LearnWords/Pods-LearnWords-frameworks-${CONFIGURATION}-output-files.xcfilelist",
			);
			runOnlyForDeploymentPostprocessing = 0;
			shellPath = /bin/sh;
			shellScript = "\"${PODS_ROOT}/Target Support Files/Pods-LearnWords/Pods-LearnWords-frameworks.sh\"\n";
			showEnvVarsInLog = 0;
		};
/* End PBXShellScriptBuildPhase section */

/* Begin PBXSourcesBuildPhase section */
		8F85B678299AC16C0097657D /* Sources */ = {
			isa = PBXSourcesBuildPhase;
			buildActionMask = 2147483647;
			files = (
				8F85B684299AC16C0097657D /* ViewController.swift in Sources */,
				8F85B680299AC16C0097657D /* AppDelegate.swift in Sources */,
				8F85B682299AC16C0097657D /* SceneDelegate.swift in Sources */,
			);
			runOnlyForDeploymentPostprocessing = 0;
		};
/* End PBXSourcesBuildPhase section */

/* Begin PBXVariantGroup section */
		8F85B685299AC16C0097657D /* Main.storyboard */ = {
			isa = PBXVariantGroup;
			children = (
				8F85B686299AC16C0097657D /* Base */,
			);
			name = Main.storyboard;
			sourceTree = "<group>";
		};
		8F85B68A299AC16E0097657D /* LaunchScreen.storyboard */ = {
			isa = PBXVariantGroup;
			children = (
				8F85B68B299AC16E0097657D /* Base */,
			);
			name = LaunchScreen.storyboard;
			sourceTree = "<group>";
		};
/* End PBXVariantGroup section */

/* Begin XCBuildConfiguration section */
		8F85B68E299AC16E0097657D /* Debug */ = {
			isa = XCBuildConfiguration;
			buildSettings = {
				ALWAYS_SEARCH_USER_PATHS = NO;
				CLANG_ANALYZER_NONNULL = YES;
				CLANG_ANALYZER_NUMBER_OBJECT_CONVERSION = YES_AGGRESSIVE;
				CLANG_CXX_LANGUAGE_STANDARD = "gnu++20";
				CLANG_ENABLE_MODULES = YES;
				CLANG_ENABLE_OBJC_ARC = YES;
				CLANG_ENABLE_OBJC_WEAK = YES;
				CLANG_WARN_BLOCK_CAPTURE_AUTORELEASING = YES;
				CLANG_WARN_BOOL_CONVERSION = YES;
				CLANG_WARN_COMMA = YES;
				CLANG_WARN_CONSTANT_CONVERSION = YES;
				CLANG_WARN_DEPRECATED_OBJC_IMPLEMENTATIONS = YES;
				CLANG_WARN_DIRECT_OBJC_ISA_USAGE = YES_ERROR;
				CLANG_WARN_DOCUMENTATION_COMMENTS = YES;
				CLANG_WARN_EMPTY_BODY = YES;
				CLANG_WARN_ENUM_CONVERSION = YES;
				CLANG_WARN_INFINITE_RECURSION = YES;
				CLANG_WARN_INT_CONVERSION = YES;
				CLANG_WARN_NON_LITERAL_NULL_CONVERSION = YES;
				CLANG_WARN_OBJC_IMPLICIT_RETAIN_SELF = YES;
				CLANG_WARN_OBJC_LITERAL_CONVERSION = YES;
				CLANG_WARN_OBJC_ROOT_CLASS = YES_ERROR;
				CLANG_WARN_QUOTED_INCLUDE_IN_FRAMEWORK_HEADER = YES;
				CLANG_WARN_RANGE_LOOP_ANALYSIS = YES;
				CLANG_WARN_STRICT_PROTOTYPES = YES;
				CLANG_WARN_SUSPICIOUS_MOVE = YES;
				CLANG_WARN_UNGUARDED_AVAILABILITY = YES_AGGRESSIVE;
				CLANG_WARN_UNREACHABLE_CODE = YES;
				CLANG_WARN__DUPLICATE_METHOD_MATCH = YES;
				COPY_PHASE_STRIP = NO;
				DEBUG_INFORMATION_FORMAT = dwarf;
				ENABLE_STRICT_OBJC_MSGSEND = YES;
				ENABLE_TESTABILITY = YES;
				GCC_C_LANGUAGE_STANDARD = gnu11;
				GCC_DYNAMIC_NO_PIC = NO;
				GCC_NO_COMMON_BLOCKS = YES;
				GCC_OPTIMIZATION_LEVEL = 0;
				GCC_PREPROCESSOR_DEFINITIONS = (
					"DEBUG=1",
					"$(inherited)",
				);
				GCC_WARN_64_TO_32_BIT_CONVERSION = YES;
				GCC_WARN_ABOUT_RETURN_TYPE = YES_ERROR;
				GCC_WARN_UNDECLARED_SELECTOR = YES;
				GCC_WARN_UNINITIALIZED_AUTOS = YES_AGGRESSIVE;
				GCC_WARN_UNUSED_FUNCTION = YES;
				GCC_WARN_UNUSED_VARIABLE = YES;
				IPHONEOS_DEPLOYMENT_TARGET = 16.2;
				MTL_ENABLE_DEBUG_INFO = INCLUDE_SOURCE;
				MTL_FAST_MATH = YES;
				ONLY_ACTIVE_ARCH = YES;
				SDKROOT = iphoneos;
				SWIFT_ACTIVE_COMPILATION_CONDITIONS = DEBUG;
				SWIFT_OPTIMIZATION_LEVEL = "-Onone";
			};
			name = Debug;
		};
		8F85B68F299AC16E0097657D /* Release */ = {
			isa = XCBuildConfiguration;
			buildSettings = {
				ALWAYS_SEARCH_USER_PATHS = NO;
				CLANG_ANALYZER_NONNULL = YES;
				CLANG_ANALYZER_NUMBER_OBJECT_CONVERSION = YES_AGGRESSIVE;
				CLANG_CXX_LANGUAGE_STANDARD = "gnu++20";
				CLANG_ENABLE_MODULES = YES;
				CLANG_ENABLE_OBJC_ARC = YES;
				CLANG_ENABLE_OBJC_WEAK = YES;
				CLANG_WARN_BLOCK_CAPTURE_AUTORELEASING = YES;
				CLANG_WARN_BOOL_CONVERSION = YES;
				CLANG_WARN_COMMA = YES;
				CLANG_WARN_CONSTANT_CONVERSION = YES;
				CLANG_WARN_DEPRECATED_OBJC_IMPLEMENTATIONS = YES;
				CLANG_WARN_DIRECT_OBJC_ISA_USAGE = YES_ERROR;
				CLANG_WARN_DOCUMENTATION_COMMENTS = YES;
				CLANG_WARN_EMPTY_BODY = YES;
				CLANG_WARN_ENUM_CONVERSION = YES;
				CLANG_WARN_INFINITE_RECURSION = YES;
				CLANG_WARN_INT_CONVERSION = YES;
				CLANG_WARN_NON_LITERAL_NULL_CONVERSION = YES;
				CLANG_WARN_OBJC_IMPLICIT_RETAIN_SELF = YES;
				CLANG_WARN_OBJC_LITERAL_CONVERSION = YES;
				CLANG_WARN_OBJC_ROOT_CLASS = YES_ERROR;
				CLANG_WARN_QUOTED_INCLUDE_IN_FRAMEWORK_HEADER = YES;
				CLANG_WARN_RANGE_LOOP_ANALYSIS = YES;
				CLANG_WARN_STRICT_PROTOTYPES = YES;
				CLANG_WARN_SUSPICIOUS_MOVE = YES;
				CLANG_WARN_UNGUARDED_AVAILABILITY = YES_AGGRESSIVE;
				CLANG_WARN_UNREACHABLE_CODE = YES;
				CLANG_WARN__DUPLICATE_METHOD_MATCH = YES;
				COPY_PHASE_STRIP = NO;
				DEBUG_INFORMATION_FORMAT = "dwarf-with-dsym";
				ENABLE_NS_ASSERTIONS = NO;
				ENABLE_STRICT_OBJC_MSGSEND = YES;
				GCC_C_LANGUAGE_STANDARD = gnu11;
				GCC_NO_COMMON_BLOCKS = YES;
				GCC_WARN_64_TO_32_BIT_CONVERSION = YES;
				GCC_WARN_ABOUT_RETURN_TYPE = YES_ERROR;
				GCC_WARN_UNDECLARED_SELECTOR = YES;
				GCC_WARN_UNINITIALIZED_AUTOS = YES_AGGRESSIVE;
				GCC_WARN_UNUSED_FUNCTION = YES;
				GCC_WARN_UNUSED_VARIABLE = YES;
				IPHONEOS_DEPLOYMENT_TARGET = 16.2;
				MTL_ENABLE_DEBUG_INFO = NO;
				MTL_FAST_MATH = YES;
				SDKROOT = iphoneos;
				SWIFT_COMPILATION_MODE = wholemodule;
				SWIFT_OPTIMIZATION_LEVEL = "-O";
				VALIDATE_PRODUCT = YES;
			};
			name = Release;
		};
		8F85B691299AC16E0097657D /* Debug */ = {
			isa = XCBuildConfiguration;
			baseConfigurationReference = 39E3F00D296D5AADDB42B20E /* Pods-LearnWords.debug.xcconfig */;
			buildSettings = {
				ASSETCATALOG_COMPILER_APPICON_NAME = AppIcon;
				ASSETCATALOG_COMPILER_GLOBAL_ACCENT_COLOR_NAME = AccentColor;
				CODE_SIGN_STYLE = Automatic;
				CURRENT_PROJECT_VERSION = 1;
				DEVELOPMENT_TEAM = 669YTJYVV9;
				GENERATE_INFOPLIST_FILE = YES;
				INFOPLIST_FILE = LearnWords/Info.plist;
				INFOPLIST_KEY_UIApplicationSupportsIndirectInputEvents = YES;
				INFOPLIST_KEY_UILaunchStoryboardName = LaunchScreen;
				INFOPLIST_KEY_UIMainStoryboardFile = Main;
				INFOPLIST_KEY_UISupportedInterfaceOrientations_iPad = "UIInterfaceOrientationPortrait UIInterfaceOrientationPortraitUpsideDown UIInterfaceOrientationLandscapeLeft UIInterfaceOrientationLandscapeRight";
				INFOPLIST_KEY_UISupportedInterfaceOrientations_iPhone = "UIInterfaceOrientationPortrait UIInterfaceOrientationLandscapeLeft UIInterfaceOrientationLandscapeRight";
				LD_RUNPATH_SEARCH_PATHS = (
					"$(inherited)",
					"@executable_path/Frameworks",
				);
				MARKETING_VERSION = 1.0;
				PRODUCT_BUNDLE_IDENTIFIER = sergemi.LearnWords;
				PRODUCT_NAME = "$(TARGET_NAME)";
				SWIFT_EMIT_LOC_STRINGS = YES;
				SWIFT_VERSION = 5.0;
				TARGETED_DEVICE_FAMILY = "1,2";
			};
			name = Debug;
		};
		8F85B692299AC16E0097657D /* Release */ = {
			isa = XCBuildConfiguration;
			baseConfigurationReference = BDAF99E192F044DC42D5F440 /* Pods-LearnWords.release.xcconfig */;
			buildSettings = {
				ASSETCATALOG_COMPILER_APPICON_NAME = AppIcon;
				ASSETCATALOG_COMPILER_GLOBAL_ACCENT_COLOR_NAME = AccentColor;
				CODE_SIGN_STYLE = Automatic;
				CURRENT_PROJECT_VERSION = 1;
				DEVELOPMENT_TEAM = 669YTJYVV9;
				GENERATE_INFOPLIST_FILE = YES;
				INFOPLIST_FILE = LearnWords/Info.plist;
				INFOPLIST_KEY_UIApplicationSupportsIndirectInputEvents = YES;
				INFOPLIST_KEY_UILaunchStoryboardName = LaunchScreen;
				INFOPLIST_KEY_UIMainStoryboardFile = Main;
				INFOPLIST_KEY_UISupportedInterfaceOrientations_iPad = "UIInterfaceOrientationPortrait UIInterfaceOrientationPortraitUpsideDown UIInterfaceOrientationLandscapeLeft UIInterfaceOrientationLandscapeRight";
				INFOPLIST_KEY_UISupportedInterfaceOrientations_iPhone = "UIInterfaceOrientationPortrait UIInterfaceOrientationLandscapeLeft UIInterfaceOrientationLandscapeRight";
				LD_RUNPATH_SEARCH_PATHS = (
					"$(inherited)",
					"@executable_path/Frameworks",
				);
				MARKETING_VERSION = 1.0;
				PRODUCT_BUNDLE_IDENTIFIER = sergemi.LearnWords;
				PRODUCT_NAME = "$(TARGET_NAME)";
				SWIFT_EMIT_LOC_STRINGS = YES;
				SWIFT_VERSION = 5.0;
				TARGETED_DEVICE_FAMILY = "1,2";
			};
			name = Release;
		};
/* End XCBuildConfiguration section */

/* Begin XCConfigurationList section */
		8F85B677299AC16C0097657D /* Build configuration list for PBXProject "LearnWords" */ = {
			isa = XCConfigurationList;
			buildConfigurations = (
				8F85B68E299AC16E0097657D /* Debug */,
				8F85B68F299AC16E0097657D /* Release */,
			);
			defaultConfigurationIsVisible = 0;
			defaultConfigurationName = Release;
		};
		8F85B690299AC16E0097657D /* Build configuration list for PBXNativeTarget "LearnWords" */ = {
			isa = XCConfigurationList;
			buildConfigurations = (
				8F85B691299AC16E0097657D /* Debug */,
				8F85B692299AC16E0097657D /* Release */,
			);
			defaultConfigurationIsVisible = 0;
			defaultConfigurationName = Release;
		};
/* End XCConfigurationList section */
	};
	rootObject = 8F85B674299AC16C0097657D /* Project object */;
}
